// !$*UTF8*$!
{
	archiveVersion = 1;
	classes = {
	};
	objectVersion = 77;
	objects = {

/* Begin PBXBuildFile section */
		BD7571772EA3799600366681 /* stitchtimewatchapp Watch App.app in Embed Watch Content */ = {isa = PBXBuildFile; fileRef = BD75716D2EA3799500366681 /* stitchtimewatchapp Watch App.app */; settings = {ATTRIBUTES = (RemoveHeadersOnCopy, ); }; };
		BD7571AA2EA7A15100366681 /* MotionManager.swift in Sources */ = {isa = PBXBuildFile; fileRef = BD7571A92EA7A15100366681 /* MotionManager.swift */; };
/* End PBXBuildFile section */

/* Begin PBXContainerItemProxy section */
		BD00B52A2E9D028E00A84E55 /* PBXContainerItemProxy */ = {
			isa = PBXContainerItemProxy;
			containerPortal = BD00B5122E9D028C00A84E55 /* Project object */;
			proxyType = 1;
			remoteGlobalIDString = BD00B5192E9D028C00A84E55;
			remoteInfo = stitchtime;
		};
		BD00B5342E9D028E00A84E55 /* PBXContainerItemProxy */ = {
			isa = PBXContainerItemProxy;
			containerPortal = BD00B5122E9D028C00A84E55 /* Project object */;
			proxyType = 1;
			remoteGlobalIDString = BD00B5192E9D028C00A84E55;
			remoteInfo = stitchtime;
		};
		BD7571752EA3799600366681 /* PBXContainerItemProxy */ = {
			isa = PBXContainerItemProxy;
			containerPortal = BD00B5122E9D028C00A84E55 /* Project object */;
			proxyType = 1;
			remoteGlobalIDString = BD75716C2EA3799500366681;
			remoteInfo = "stitchtimewatchapp Watch App";
		};
/* End PBXContainerItemProxy section */

/* Begin PBXCopyFilesBuildPhase section */
		BD00B5722E9D194500A84E55 /* Embed Watch Content */ = {
			isa = PBXCopyFilesBuildPhase;
			buildActionMask = 2147483647;
			dstPath = "$(CONTENTS_FOLDER_PATH)/Watch";
			dstSubfolderSpec = 16;
			files = (
				BD7571772EA3799600366681 /* stitchtimewatchapp Watch App.app in Embed Watch Content */,
			);
			name = "Embed Watch Content";
			runOnlyForDeploymentPostprocessing = 0;
		};
/* End PBXCopyFilesBuildPhase section */

/* Begin PBXFileReference section */
		BD00B51A2E9D028C00A84E55 /* stitchtime.app */ = {isa = PBXFileReference; explicitFileType = wrapper.application; includeInIndex = 0; path = stitchtime.app; sourceTree = BUILT_PRODUCTS_DIR; };
		BD00B5292E9D028E00A84E55 /* stitchtimeTests.xctest */ = {isa = PBXFileReference; explicitFileType = wrapper.cfbundle; includeInIndex = 0; path = stitchtimeTests.xctest; sourceTree = BUILT_PRODUCTS_DIR; };
		BD00B5332E9D028E00A84E55 /* stitchtimeUITests.xctest */ = {isa = PBXFileReference; explicitFileType = wrapper.cfbundle; includeInIndex = 0; path = stitchtimeUITests.xctest; sourceTree = BUILT_PRODUCTS_DIR; };
		BD75716D2EA3799500366681 /* stitchtimewatchapp Watch App.app */ = {isa = PBXFileReference; explicitFileType = wrapper.application; includeInIndex = 0; path = "stitchtimewatchapp Watch App.app"; sourceTree = BUILT_PRODUCTS_DIR; };
		BD7571A92EA7A15100366681 /* MotionManager.swift */ = {isa = PBXFileReference; lastKnownFileType = sourcecode.swift; path = MotionManager.swift; sourceTree = "<group>"; };
/* End PBXFileReference section */

/* Begin PBXFileSystemSynchronizedRootGroup section */
		BD00B51C2E9D028C00A84E55 /* stitchtime */ = {
			isa = PBXFileSystemSynchronizedRootGroup;
			path = stitchtime;
			sourceTree = "<group>";
		};
		BD00B52C2E9D028E00A84E55 /* stitchtimeTests */ = {
			isa = PBXFileSystemSynchronizedRootGroup;
			path = stitchtimeTests;
			sourceTree = "<group>";
		};
		BD00B5362E9D028E00A84E55 /* stitchtimeUITests */ = {
			isa = PBXFileSystemSynchronizedRootGroup;
			path = stitchtimeUITests;
			sourceTree = "<group>";
		};
		BD75713F2EA2670400366681 /* stitchtimewatchapp Watch App */ = {
			isa = PBXFileSystemSynchronizedRootGroup;
			path = "stitchtimewatchapp Watch App";
			sourceTree = "<group>";
		};
		BD75716E2EA3799500366681 /* stitchtimewatchapp Watch App */ = {
			isa = PBXFileSystemSynchronizedRootGroup;
			path = "stitchtimewatchapp Watch App";
			sourceTree = "<group>";
		};
		BD7571E32EAF9D4400366681 /* stitchtimewatchapp Watch App */ = {
			isa = PBXFileSystemSynchronizedRootGroup;
			path = "stitchtimewatchapp Watch App";
			sourceTree = "<group>";
		};
/* End PBXFileSystemSynchronizedRootGroup section */

/* Begin PBXFrameworksBuildPhase section */
		BD00B5172E9D028C00A84E55 /* Frameworks */ = {
			isa = PBXFrameworksBuildPhase;
			buildActionMask = 2147483647;
			files = (
			);
			runOnlyForDeploymentPostprocessing = 0;
		};
		BD00B5262E9D028E00A84E55 /* Frameworks */ = {
			isa = PBXFrameworksBuildPhase;
			buildActionMask = 2147483647;
			files = (
			);
			runOnlyForDeploymentPostprocessing = 0;
		};
		BD00B5302E9D028E00A84E55 /* Frameworks */ = {
			isa = PBXFrameworksBuildPhase;
			buildActionMask = 2147483647;
			files = (
			);
			runOnlyForDeploymentPostprocessing = 0;
		};
		BD75716A2EA3799500366681 /* Frameworks */ = {
			isa = PBXFrameworksBuildPhase;
			buildActionMask = 2147483647;
			files = (
			);
			runOnlyForDeploymentPostprocessing = 0;
		};
/* End PBXFrameworksBuildPhase section */

/* Begin PBXGroup section */
		BD00B5112E9D028C00A84E55 = {
			isa = PBXGroup;
			children = (
				BD7571A92EA7A15100366681 /* MotionManager.swift */,
				BD00B51C2E9D028C00A84E55 /* stitchtime */,
				BD00B52C2E9D028E00A84E55 /* stitchtimeTests */,
				BD00B5362E9D028E00A84E55 /* stitchtimeUITests */,
				BD75713F2EA2670400366681 /* stitchtimewatchapp Watch App */,
				BD75716E2EA3799500366681 /* stitchtimewatchapp Watch App */,
				BD7571E32EAF9D4400366681 /* stitchtimewatchapp Watch App */,
				BD00B51B2E9D028C00A84E55 /* Products */,
			);
			sourceTree = "<group>";
		};
		BD00B51B2E9D028C00A84E55 /* Products */ = {
			isa = PBXGroup;
			children = (
				BD00B51A2E9D028C00A84E55 /* stitchtime.app */,
				BD00B5292E9D028E00A84E55 /* stitchtimeTests.xctest */,
				BD00B5332E9D028E00A84E55 /* stitchtimeUITests.xctest */,
				BD75716D2EA3799500366681 /* stitchtimewatchapp Watch App.app */,
			);
			name = Products;
			sourceTree = "<group>";
		};
/* End PBXGroup section */

/* Begin PBXNativeTarget section */
		BD00B5192E9D028C00A84E55 /* stitchtime */ = {
			isa = PBXNativeTarget;
			buildConfigurationList = BD00B53D2E9D028E00A84E55 /* Build configuration list for PBXNativeTarget "stitchtime" */;
			buildPhases = (
				BD00B5162E9D028C00A84E55 /* Sources */,
				BD00B5172E9D028C00A84E55 /* Frameworks */,
				BD00B5182E9D028C00A84E55 /* Resources */,
				BD00B5722E9D194500A84E55 /* Embed Watch Content */,
			);
			buildRules = (
			);
			dependencies = (
				BD7571762EA3799600366681 /* PBXTargetDependency */,
			);
			fileSystemSynchronizedGroups = (
				BD00B51C2E9D028C00A84E55 /* stitchtime */,
			);
			name = stitchtime;
			packageProductDependencies = (
			);
			productName = stitchtime;
			productReference = BD00B51A2E9D028C00A84E55 /* stitchtime.app */;
			productType = "com.apple.product-type.application";
		};
		BD00B5282E9D028E00A84E55 /* stitchtimeTests */ = {
			isa = PBXNativeTarget;
			buildConfigurationList = BD00B5402E9D028E00A84E55 /* Build configuration list for PBXNativeTarget "stitchtimeTests" */;
			buildPhases = (
				BD00B5252E9D028E00A84E55 /* Sources */,
				BD00B5262E9D028E00A84E55 /* Frameworks */,
				BD00B5272E9D028E00A84E55 /* Resources */,
			);
			buildRules = (
			);
			dependencies = (
				BD00B52B2E9D028E00A84E55 /* PBXTargetDependency */,
			);
			fileSystemSynchronizedGroups = (
				BD00B52C2E9D028E00A84E55 /* stitchtimeTests */,
			);
			name = stitchtimeTests;
			packageProductDependencies = (
			);
			productName = stitchtimeTests;
			productReference = BD00B5292E9D028E00A84E55 /* stitchtimeTests.xctest */;
			productType = "com.apple.product-type.bundle.unit-test";
		};
		BD00B5322E9D028E00A84E55 /* stitchtimeUITests */ = {
			isa = PBXNativeTarget;
			buildConfigurationList = BD00B5432E9D028E00A84E55 /* Build configuration list for PBXNativeTarget "stitchtimeUITests" */;
			buildPhases = (
				BD00B52F2E9D028E00A84E55 /* Sources */,
				BD00B5302E9D028E00A84E55 /* Frameworks */,
				BD00B5312E9D028E00A84E55 /* Resources */,
			);
			buildRules = (
			);
			dependencies = (
				BD00B5352E9D028E00A84E55 /* PBXTargetDependency */,
			);
			fileSystemSynchronizedGroups = (
				BD00B5362E9D028E00A84E55 /* stitchtimeUITests */,
			);
			name = stitchtimeUITests;
			packageProductDependencies = (
			);
			productName = stitchtimeUITests;
			productReference = BD00B5332E9D028E00A84E55 /* stitchtimeUITests.xctest */;
			productType = "com.apple.product-type.bundle.ui-testing";
		};
		BD75716C2EA3799500366681 /* stitchtimewatchapp Watch App */ = {
			isa = PBXNativeTarget;
			buildConfigurationList = BD7571782EA3799600366681 /* Build configuration list for PBXNativeTarget "stitchtimewatchapp Watch App" */;
			buildPhases = (
				BD7571692EA3799500366681 /* Sources */,
				BD75716A2EA3799500366681 /* Frameworks */,
				BD75716B2EA3799500366681 /* Resources */,
			);
			buildRules = (
			);
			dependencies = (
			);
			fileSystemSynchronizedGroups = (
				BD75716E2EA3799500366681 /* stitchtimewatchapp Watch App */,
			);
			name = "stitchtimewatchapp Watch App";
			packageProductDependencies = (
			);
			productName = "stitchtimewatchapp Watch App";
			productReference = BD75716D2EA3799500366681 /* stitchtimewatchapp Watch App.app */;
			productType = "com.apple.product-type.application";
		};
/* End PBXNativeTarget section */

/* Begin PBXProject section */
		BD00B5122E9D028C00A84E55 /* Project object */ = {
			isa = PBXProject;
			attributes = {
				BuildIndependentTargetsInParallel = 1;
				LastSwiftUpdateCheck = 2600;
				LastUpgradeCheck = 2600;
				TargetAttributes = {
					BD00B5192E9D028C00A84E55 = {
						CreatedOnToolsVersion = 26.0.1;
					};
					BD00B5282E9D028E00A84E55 = {
						CreatedOnToolsVersion = 26.0.1;
						TestTargetID = BD00B5192E9D028C00A84E55;
					};
					BD00B5322E9D028E00A84E55 = {
						CreatedOnToolsVersion = 26.0.1;
						TestTargetID = BD00B5192E9D028C00A84E55;
					};
					BD75716C2EA3799500366681 = {
						CreatedOnToolsVersion = 26.0.1;
					};
				};
			};
			buildConfigurationList = BD00B5152E9D028C00A84E55 /* Build configuration list for PBXProject "stitchtime" */;
			developmentRegion = en;
			hasScannedForEncodings = 0;
			knownRegions = (
				en,
				Base,
			);
			mainGroup = BD00B5112E9D028C00A84E55;
			minimizedProjectReferenceProxies = 1;
			preferredProjectObjectVersion = 77;
			productRefGroup = BD00B51B2E9D028C00A84E55 /* Products */;
			projectDirPath = "";
			projectRoot = "";
			targets = (
				BD00B5192E9D028C00A84E55 /* stitchtime */,
				BD00B5282E9D028E00A84E55 /* stitchtimeTests */,
				BD00B5322E9D028E00A84E55 /* stitchtimeUITests */,
				BD75716C2EA3799500366681 /* stitchtimewatchapp Watch App */,
			);
		};
/* End PBXProject section */

/* Begin PBXResourcesBuildPhase section */
		BD00B5182E9D028C00A84E55 /* Resources */ = {
			isa = PBXResourcesBuildPhase;
			buildActionMask = 2147483647;
			files = (
			);
			runOnlyForDeploymentPostprocessing = 0;
		};
		BD00B5272E9D028E00A84E55 /* Resources */ = {
			isa = PBXResourcesBuildPhase;
			buildActionMask = 2147483647;
			files = (
			);
			runOnlyForDeploymentPostprocessing = 0;
		};
		BD00B5312E9D028E00A84E55 /* Resources */ = {
			isa = PBXResourcesBuildPhase;
			buildActionMask = 2147483647;
			files = (
			);
			runOnlyForDeploymentPostprocessing = 0;
		};
		BD75716B2EA3799500366681 /* Resources */ = {
			isa = PBXResourcesBuildPhase;
			buildActionMask = 2147483647;
			files = (
			);
			runOnlyForDeploymentPostprocessing = 0;
		};
/* End PBXResourcesBuildPhase section */

/* Begin PBXSourcesBuildPhase section */
		BD00B5162E9D028C00A84E55 /* Sources */ = {
			isa = PBXSourcesBuildPhase;
			buildActionMask = 2147483647;
			files = (
			);
			runOnlyForDeploymentPostprocessing = 0;
		};
		BD00B5252E9D028E00A84E55 /* Sources */ = {
			isa = PBXSourcesBuildPhase;
			buildActionMask = 2147483647;
			files = (
			);
			runOnlyForDeploymentPostprocessing = 0;
		};
		BD00B52F2E9D028E00A84E55 /* Sources */ = {
			isa = PBXSourcesBuildPhase;
			buildActionMask = 2147483647;
			files = (
			);
			runOnlyForDeploymentPostprocessing = 0;
		};
		BD7571692EA3799500366681 /* Sources */ = {
			isa = PBXSourcesBuildPhase;
			buildActionMask = 2147483647;
			files = (
				BD7571AA2EA7A15100366681 /* MotionManager.swift in Sources */,
			);
			runOnlyForDeploymentPostprocessing = 0;
		};
/* End PBXSourcesBuildPhase section */

/* Begin PBXTargetDependency section */
		BD00B52B2E9D028E00A84E55 /* PBXTargetDependency */ = {
			isa = PBXTargetDependency;
			target = BD00B5192E9D028C00A84E55 /* stitchtime */;
			targetProxy = BD00B52A2E9D028E00A84E55 /* PBXContainerItemProxy */;
		};
		BD00B5352E9D028E00A84E55 /* PBXTargetDependency */ = {
			isa = PBXTargetDependency;
			target = BD00B5192E9D028C00A84E55 /* stitchtime */;
			targetProxy = BD00B5342E9D028E00A84E55 /* PBXContainerItemProxy */;
		};
		BD7571762EA3799600366681 /* PBXTargetDependency */ = {
			isa = PBXTargetDependency;
			target = BD75716C2EA3799500366681 /* stitchtimewatchapp Watch App */;
			targetProxy = BD7571752EA3799600366681 /* PBXContainerItemProxy */;
		};
/* End PBXTargetDependency section */

/* Begin XCBuildConfiguration section */
		BD00B53B2E9D028E00A84E55 /* Debug */ = {
			isa = XCBuildConfiguration;
			buildSettings = {
				ALWAYS_SEARCH_USER_PATHS = NO;
				ASSETCATALOG_COMPILER_GENERATE_SWIFT_ASSET_SYMBOL_EXTENSIONS = YES;
				CLANG_ANALYZER_NONNULL = YES;
				CLANG_ANALYZER_NUMBER_OBJECT_CONVERSION = YES_AGGRESSIVE;
				CLANG_CXX_LANGUAGE_STANDARD = "gnu++20";
				CLANG_ENABLE_MODULES = YES;
				CLANG_ENABLE_OBJC_ARC = YES;
				CLANG_ENABLE_OBJC_WEAK = YES;
				CLANG_WARN_BLOCK_CAPTURE_AUTORELEASING = YES;
				CLANG_WARN_BOOL_CONVERSION = YES;
				CLANG_WARN_COMMA = YES;
				CLANG_WARN_CONSTANT_CONVERSION = YES;
				CLANG_WARN_DEPRECATED_OBJC_IMPLEMENTATIONS = YES;
				CLANG_WARN_DIRECT_OBJC_ISA_USAGE = YES_ERROR;
				CLANG_WARN_DOCUMENTATION_COMMENTS = YES;
				CLANG_WARN_EMPTY_BODY = YES;
				CLANG_WARN_ENUM_CONVERSION = YES;
				CLANG_WARN_INFINITE_RECURSION = YES;
				CLANG_WARN_INT_CONVERSION = YES;
				CLANG_WARN_NON_LITERAL_NULL_CONVERSION = YES;
				CLANG_WARN_OBJC_IMPLICIT_RETAIN_SELF = YES;
				CLANG_WARN_OBJC_LITERAL_CONVERSION = YES;
				CLANG_WARN_OBJC_ROOT_CLASS = YES_ERROR;
				CLANG_WARN_QUOTED_INCLUDE_IN_FRAMEWORK_HEADER = YES;
				CLANG_WARN_RANGE_LOOP_ANALYSIS = YES;
				CLANG_WARN_STRICT_PROTOTYPES = YES;
				CLANG_WARN_SUSPICIOUS_MOVE = YES;
				CLANG_WARN_UNGUARDED_AVAILABILITY = YES_AGGRESSIVE;
				CLANG_WARN_UNREACHABLE_CODE = YES;
				CLANG_WARN__DUPLICATE_METHOD_MATCH = YES;
				COPY_PHASE_STRIP = NO;
				DEBUG_INFORMATION_FORMAT = dwarf;
				DEVELOPMENT_TEAM = 36MNCNG7Q8;
				ENABLE_STRICT_OBJC_MSGSEND = YES;
				ENABLE_TESTABILITY = YES;
				ENABLE_USER_SCRIPT_SANDBOXING = YES;
				GCC_C_LANGUAGE_STANDARD = gnu17;
				GCC_DYNAMIC_NO_PIC = NO;
				GCC_NO_COMMON_BLOCKS = YES;
				GCC_OPTIMIZATION_LEVEL = 0;
				GCC_PREPROCESSOR_DEFINITIONS = (
					"DEBUG=1",
					"$(inherited)",
				);
				GCC_WARN_64_TO_32_BIT_CONVERSION = YES;
				GCC_WARN_ABOUT_RETURN_TYPE = YES_ERROR;
				GCC_WARN_UNDECLARED_SELECTOR = YES;
				GCC_WARN_UNINITIALIZED_AUTOS = YES_AGGRESSIVE;
				GCC_WARN_UNUSED_FUNCTION = YES;
				GCC_WARN_UNUSED_VARIABLE = YES;
				IPHONEOS_DEPLOYMENT_TARGET = 26.0;
				LOCALIZATION_PREFERS_STRING_CATALOGS = YES;
				MTL_ENABLE_DEBUG_INFO = INCLUDE_SOURCE;
				MTL_FAST_MATH = YES;
				ONLY_ACTIVE_ARCH = YES;
				SDKROOT = iphoneos;
				SWIFT_ACTIVE_COMPILATION_CONDITIONS = "DEBUG $(inherited)";
				SWIFT_OPTIMIZATION_LEVEL = "-Onone";
			};
			name = Debug;
		};
		BD00B53C2E9D028E00A84E55 /* Release */ = {
			isa = XCBuildConfiguration;
			buildSettings = {
				ALWAYS_SEARCH_USER_PATHS = NO;
				ASSETCATALOG_COMPILER_GENERATE_SWIFT_ASSET_SYMBOL_EXTENSIONS = YES;
				CLANG_ANALYZER_NONNULL = YES;
				CLANG_ANALYZER_NUMBER_OBJECT_CONVERSION = YES_AGGRESSIVE;
				CLANG_CXX_LANGUAGE_STANDARD = "gnu++20";
				CLANG_ENABLE_MODULES = YES;
				CLANG_ENABLE_OBJC_ARC = YES;
				CLANG_ENABLE_OBJC_WEAK = YES;
				CLANG_WARN_BLOCK_CAPTURE_AUTORELEASING = YES;
				CLANG_WARN_BOOL_CONVERSION = YES;
				CLANG_WARN_COMMA = YES;
				CLANG_WARN_CONSTANT_CONVERSION = YES;
				CLANG_WARN_DEPRECATED_OBJC_IMPLEMENTATIONS = YES;
				CLANG_WARN_DIRECT_OBJC_ISA_USAGE = YES_ERROR;
				CLANG_WARN_DOCUMENTATION_COMMENTS = YES;
				CLANG_WARN_EMPTY_BODY = YES;
				CLANG_WARN_ENUM_CONVERSION = YES;
				CLANG_WARN_INFINITE_RECURSION = YES;
				CLANG_WARN_INT_CONVERSION = YES;
				CLANG_WARN_NON_LITERAL_NULL_CONVERSION = YES;
				CLANG_WARN_OBJC_IMPLICIT_RETAIN_SELF = YES;
				CLANG_WARN_OBJC_LITERAL_CONVERSION = YES;
				CLANG_WARN_OBJC_ROOT_CLASS = YES_ERROR;
				CLANG_WARN_QUOTED_INCLUDE_IN_FRAMEWORK_HEADER = YES;
				CLANG_WARN_RANGE_LOOP_ANALYSIS = YES;
				CLANG_WARN_STRICT_PROTOTYPES = YES;
				CLANG_WARN_SUSPICIOUS_MOVE = YES;
				CLANG_WARN_UNGUARDED_AVAILABILITY = YES_AGGRESSIVE;
				CLANG_WARN_UNREACHABLE_CODE = YES;
				CLANG_WARN__DUPLICATE_METHOD_MATCH = YES;
				COPY_PHASE_STRIP = NO;
				DEBUG_INFORMATION_FORMAT = "dwarf-with-dsym";
				DEVELOPMENT_TEAM = 36MNCNG7Q8;
				ENABLE_NS_ASSERTIONS = NO;
				ENABLE_STRICT_OBJC_MSGSEND = YES;
				ENABLE_USER_SCRIPT_SANDBOXING = YES;
				GCC_C_LANGUAGE_STANDARD = gnu17;
				GCC_NO_COMMON_BLOCKS = YES;
				GCC_WARN_64_TO_32_BIT_CONVERSION = YES;
				GCC_WARN_ABOUT_RETURN_TYPE = YES_ERROR;
				GCC_WARN_UNDECLARED_SELECTOR = YES;
				GCC_WARN_UNINITIALIZED_AUTOS = YES_AGGRESSIVE;
				GCC_WARN_UNUSED_FUNCTION = YES;
				GCC_WARN_UNUSED_VARIABLE = YES;
				IPHONEOS_DEPLOYMENT_TARGET = 26.0;
				LOCALIZATION_PREFERS_STRING_CATALOGS = YES;
				MTL_ENABLE_DEBUG_INFO = NO;
				MTL_FAST_MATH = YES;
				SDKROOT = iphoneos;
				SWIFT_COMPILATION_MODE = wholemodule;
				VALIDATE_PRODUCT = YES;
			};
			name = Release;
		};
		BD00B53E2E9D028E00A84E55 /* Debug */ = {
			isa = XCBuildConfiguration;
			buildSettings = {
				ASSETCATALOG_COMPILER_APPICON_NAME = AppIcon;
				ASSETCATALOG_COMPILER_GLOBAL_ACCENT_COLOR_NAME = AccentColor;
				CODE_SIGN_STYLE = Automatic;
				CURRENT_PROJECT_VERSION = 1;
				DEVELOPMENT_TEAM = 36MNCNG7Q8;
				ENABLE_PREVIEWS = YES;
				GENERATE_INFOPLIST_FILE = YES;
				INFOPLIST_KEY_UIApplicationSceneManifest_Generation = YES;
				INFOPLIST_KEY_UIApplicationSupportsIndirectInputEvents = YES;
				INFOPLIST_KEY_UILaunchScreen_Generation = YES;
				INFOPLIST_KEY_UISupportedInterfaceOrientations_iPad = "UIInterfaceOrientationPortrait UIInterfaceOrientationPortraitUpsideDown UIInterfaceOrientationLandscapeLeft UIInterfaceOrientationLandscapeRight";
				INFOPLIST_KEY_UISupportedInterfaceOrientations_iPhone = "UIInterfaceOrientationPortrait UIInterfaceOrientationLandscapeLeft UIInterfaceOrientationLandscapeRight";
				IPHONEOS_DEPLOYMENT_TARGET = 17.6;
				LD_RUNPATH_SEARCH_PATHS = (
					"$(inherited)",
					"@executable_path/Frameworks",
				);
				MARKETING_VERSION = 1.0;
				PRODUCT_BUNDLE_IDENTIFIER = com.nubrajarial.stitchtime;
				PRODUCT_NAME = "$(TARGET_NAME)";
				STRING_CATALOG_GENERATE_SYMBOLS = YES;
				SUPPORTED_PLATFORMS = "iphoneos iphonesimulator";
				SUPPORTS_MACCATALYST = NO;
				SUPPORTS_XR_DESIGNED_FOR_IPHONE_IPAD = NO;
				SWIFT_APPROACHABLE_CONCURRENCY = YES;
				SWIFT_DEFAULT_ACTOR_ISOLATION = MainActor;
				SWIFT_EMIT_LOC_STRINGS = YES;
				SWIFT_UPCOMING_FEATURE_MEMBER_IMPORT_VISIBILITY = YES;
				SWIFT_VERSION = 5.0;
				TARGETED_DEVICE_FAMILY = "1,2";
			};
			name = Debug;
		};
		BD00B53F2E9D028E00A84E55 /* Release */ = {
			isa = XCBuildConfiguration;
			buildSettings = {
				ASSETCATALOG_COMPILER_APPICON_NAME = AppIcon;
				ASSETCATALOG_COMPILER_GLOBAL_ACCENT_COLOR_NAME = AccentColor;
				CODE_SIGN_STYLE = Automatic;
				CURRENT_PROJECT_VERSION = 1;
				DEVELOPMENT_TEAM = 36MNCNG7Q8;
				ENABLE_PREVIEWS = YES;
				GENERATE_INFOPLIST_FILE = YES;
				INFOPLIST_KEY_UIApplicationSceneManifest_Generation = YES;
				INFOPLIST_KEY_UIApplicationSupportsIndirectInputEvents = YES;
				INFOPLIST_KEY_UILaunchScreen_Generation = YES;
				INFOPLIST_KEY_UISupportedInterfaceOrientations_iPad = "UIInterfaceOrientationPortrait UIInterfaceOrientationPortraitUpsideDown UIInterfaceOrientationLandscapeLeft UIInterfaceOrientationLandscapeRight";
				INFOPLIST_KEY_UISupportedInterfaceOrientations_iPhone = "UIInterfaceOrientationPortrait UIInterfaceOrientationLandscapeLeft UIInterfaceOrientationLandscapeRight";
				IPHONEOS_DEPLOYMENT_TARGET = 17.6;
				LD_RUNPATH_SEARCH_PATHS = (
					"$(inherited)",
					"@executable_path/Frameworks",
				);
				MARKETING_VERSION = 1.0;
				PRODUCT_BUNDLE_IDENTIFIER = com.nubrajarial.stitchtime;
				PRODUCT_NAME = "$(TARGET_NAME)";
				STRING_CATALOG_GENERATE_SYMBOLS = YES;
				SUPPORTED_PLATFORMS = "iphoneos iphonesimulator";
				SUPPORTS_MACCATALYST = NO;
				SUPPORTS_XR_DESIGNED_FOR_IPHONE_IPAD = NO;
				SWIFT_APPROACHABLE_CONCURRENCY = YES;
				SWIFT_DEFAULT_ACTOR_ISOLATION = MainActor;
				SWIFT_EMIT_LOC_STRINGS = YES;
				SWIFT_UPCOMING_FEATURE_MEMBER_IMPORT_VISIBILITY = YES;
				SWIFT_VERSION = 5.0;
				TARGETED_DEVICE_FAMILY = "1,2";
			};
			name = Release;
		};
		BD00B5412E9D028E00A84E55 /* Debug */ = {
			isa = XCBuildConfiguration;
			buildSettings = {
				BUNDLE_LOADER = "$(TEST_HOST)";
				CODE_SIGN_STYLE = Automatic;
				CURRENT_PROJECT_VERSION = 1;
				DEVELOPMENT_TEAM = 36MNCNG7Q8;
				GENERATE_INFOPLIST_FILE = YES;
				IPHONEOS_DEPLOYMENT_TARGET = 17.6;
				MARKETING_VERSION = 1.0;
				PRODUCT_BUNDLE_IDENTIFIER = com.nubrajarial.stitchtimeTests;
				PRODUCT_NAME = "$(TARGET_NAME)";
				STRING_CATALOG_GENERATE_SYMBOLS = NO;
				SWIFT_APPROACHABLE_CONCURRENCY = YES;
				SWIFT_EMIT_LOC_STRINGS = NO;
				SWIFT_UPCOMING_FEATURE_MEMBER_IMPORT_VISIBILITY = YES;
				SWIFT_VERSION = 5.0;
				TARGETED_DEVICE_FAMILY = "1,2";
				TEST_HOST = "$(BUILT_PRODUCTS_DIR)/stitchtime.app/$(BUNDLE_EXECUTABLE_FOLDER_PATH)/stitchtime";
			};
			name = Debug;
		};
		BD00B5422E9D028E00A84E55 /* Release */ = {
			isa = XCBuildConfiguration;
			buildSettings = {
				BUNDLE_LOADER = "$(TEST_HOST)";
				CODE_SIGN_STYLE = Automatic;
				CURRENT_PROJECT_VERSION = 1;
				DEVELOPMENT_TEAM = 36MNCNG7Q8;
				GENERATE_INFOPLIST_FILE = YES;
				IPHONEOS_DEPLOYMENT_TARGET = 17.6;
				MARKETING_VERSION = 1.0;
				PRODUCT_BUNDLE_IDENTIFIER = com.nubrajarial.stitchtimeTests;
				PRODUCT_NAME = "$(TARGET_NAME)";
				STRING_CATALOG_GENERATE_SYMBOLS = NO;
				SWIFT_APPROACHABLE_CONCURRENCY = YES;
				SWIFT_EMIT_LOC_STRINGS = NO;
				SWIFT_UPCOMING_FEATURE_MEMBER_IMPORT_VISIBILITY = YES;
				SWIFT_VERSION = 5.0;
				TARGETED_DEVICE_FAMILY = "1,2";
				TEST_HOST = "$(BUILT_PRODUCTS_DIR)/stitchtime.app/$(BUNDLE_EXECUTABLE_FOLDER_PATH)/stitchtime";
			};
			name = Release;
		};
		BD00B5442E9D028E00A84E55 /* Debug */ = {
			isa = XCBuildConfiguration;
			buildSettings = {
				CODE_SIGN_STYLE = Automatic;
				CURRENT_PROJECT_VERSION = 1;
				DEVELOPMENT_TEAM = 36MNCNG7Q8;
				GENERATE_INFOPLIST_FILE = YES;
				IPHONEOS_DEPLOYMENT_TARGET = 17.6;
				MARKETING_VERSION = 1.0;
				PRODUCT_BUNDLE_IDENTIFIER = com.nubrajarial.stitchtimeUITests;
				PRODUCT_NAME = "$(TARGET_NAME)";
				STRING_CATALOG_GENERATE_SYMBOLS = NO;
				SWIFT_APPROACHABLE_CONCURRENCY = YES;
				SWIFT_EMIT_LOC_STRINGS = NO;
				SWIFT_UPCOMING_FEATURE_MEMBER_IMPORT_VISIBILITY = YES;
				SWIFT_VERSION = 5.0;
				TARGETED_DEVICE_FAMILY = "1,2";
				TEST_TARGET_NAME = stitchtime;
			};
			name = Debug;
		};
		BD00B5452E9D028E00A84E55 /* Release */ = {
			isa = XCBuildConfiguration;
			buildSettings = {
				CODE_SIGN_STYLE = Automatic;
				CURRENT_PROJECT_VERSION = 1;
				DEVELOPMENT_TEAM = 36MNCNG7Q8;
				GENERATE_INFOPLIST_FILE = YES;
				IPHONEOS_DEPLOYMENT_TARGET = 17.6;
				MARKETING_VERSION = 1.0;
				PRODUCT_BUNDLE_IDENTIFIER = com.nubrajarial.stitchtimeUITests;
				PRODUCT_NAME = "$(TARGET_NAME)";
				STRING_CATALOG_GENERATE_SYMBOLS = NO;
				SWIFT_APPROACHABLE_CONCURRENCY = YES;
				SWIFT_EMIT_LOC_STRINGS = NO;
				SWIFT_UPCOMING_FEATURE_MEMBER_IMPORT_VISIBILITY = YES;
				SWIFT_VERSION = 5.0;
				TARGETED_DEVICE_FAMILY = "1,2";
				TEST_TARGET_NAME = stitchtime;
			};
			name = Release;
		};
		BD7571792EA3799600366681 /* Debug */ = {
			isa = XCBuildConfiguration;
			buildSettings = {
				ASSETCATALOG_COMPILER_APPICON_NAME = AppIcon;
				ASSETCATALOG_COMPILER_GLOBAL_ACCENT_COLOR_NAME = AccentColor;
				CODE_SIGN_STYLE = Automatic;
				CURRENT_PROJECT_VERSION = 1;
				DEVELOPMENT_TEAM = 36MNCNG7Q8;
				ENABLE_PREVIEWS = YES;
				GENERATE_INFOPLIST_FILE = YES;
				INFOPLIST_KEY_CFBundleDisplayName = stitchtimewatchapp;
				INFOPLIST_KEY_UISupportedInterfaceOrientations = "UIInterfaceOrientationPortrait UIInterfaceOrientationPortraitUpsideDown";
				INFOPLIST_KEY_WKCompanionAppBundleIdentifier = com.nubrajarial.stitchtime;
				INFOPLIST_KEY_WKRunsIndependentlyOfCompanionApp = YES;
				LD_RUNPATH_SEARCH_PATHS = (
					"$(inherited)",
					"@executable_path/Frameworks",
				);
				MARKETING_VERSION = 1.0;
				PRODUCT_BUNDLE_IDENTIFIER = com.nubrajarial.stitchtime.watchkitapp;
				PRODUCT_NAME = "$(TARGET_NAME)";
				SDKROOT = watchos;
				SKIP_INSTALL = YES;
				STRING_CATALOG_GENERATE_SYMBOLS = YES;
				SWIFT_APPROACHABLE_CONCURRENCY = YES;
				SWIFT_DEFAULT_ACTOR_ISOLATION = MainActor;
				SWIFT_EMIT_LOC_STRINGS = YES;
				SWIFT_UPCOMING_FEATURE_MEMBER_IMPORT_VISIBILITY = YES;
				SWIFT_VERSION = 5.0;
				TARGETED_DEVICE_FAMILY = 4;
				WATCHOS_DEPLOYMENT_TARGET = 9.6;
			};
			name = Debug;
		};
		BD75717A2EA3799600366681 /* Release */ = {
			isa = XCBuildConfiguration;
			buildSettings = {
				ASSETCATALOG_COMPILER_APPICON_NAME = AppIcon;
				ASSETCATALOG_COMPILER_GLOBAL_ACCENT_COLOR_NAME = AccentColor;
				CODE_SIGN_STYLE = Automatic;
				CURRENT_PROJECT_VERSION = 1;
				DEVELOPMENT_TEAM = 36MNCNG7Q8;
				ENABLE_PREVIEWS = YES;
				GENERATE_INFOPLIST_FILE = YES;
				INFOPLIST_KEY_CFBundleDisplayName = stitchtimewatchapp;
				INFOPLIST_KEY_UISupportedInterfaceOrientations = "UIInterfaceOrientationPortrait UIInterfaceOrientationPortraitUpsideDown";
				INFOPLIST_KEY_WKCompanionAppBundleIdentifier = com.nubrajarial.stitchtime;
				INFOPLIST_KEY_WKRunsIndependentlyOfCompanionApp = YES;
				LD_RUNPATH_SEARCH_PATHS = (
					"$(inherited)",
					"@executable_path/Frameworks",
				);
				MARKETING_VERSION = 1.0;
				PRODUCT_BUNDLE_IDENTIFIER = com.nubrajarial.stitchtime.watchkitapp;
				PRODUCT_NAME = "$(TARGET_NAME)";
				SDKROOT = watchos;
				SKIP_INSTALL = YES;
				STRING_CATALOG_GENERATE_SYMBOLS = YES;
				SWIFT_APPROACHABLE_CONCURRENCY = YES;
				SWIFT_DEFAULT_ACTOR_ISOLATION = MainActor;
				SWIFT_EMIT_LOC_STRINGS = YES;
				SWIFT_UPCOMING_FEATURE_MEMBER_IMPORT_VISIBILITY = YES;
				SWIFT_VERSION = 5.0;
				TARGETED_DEVICE_FAMILY = 4;
				WATCHOS_DEPLOYMENT_TARGET = 9.6;
			};
			name = Release;
		};
/* End XCBuildConfiguration section */

/* Begin XCConfigurationList section */
		BD00B5152E9D028C00A84E55 /* Build configuration list for PBXProject "stitchtime" */ = {
			isa = XCConfigurationList;
			buildConfigurations = (
				BD00B53B2E9D028E00A84E55 /* Debug */,
				BD00B53C2E9D028E00A84E55 /* Release */,
			);
			defaultConfigurationIsVisible = 0;
			defaultConfigurationName = Release;
		};
		BD00B53D2E9D028E00A84E55 /* Build configuration list for PBXNativeTarget "stitchtime" */ = {
			isa = XCConfigurationList;
			buildConfigurations = (
				BD00B53E2E9D028E00A84E55 /* Debug */,
				BD00B53F2E9D028E00A84E55 /* Release */,
			);
			defaultConfigurationIsVisible = 0;
			defaultConfigurationName = Release;
		};
		BD00B5402E9D028E00A84E55 /* Build configuration list for PBXNativeTarget "stitchtimeTests" */ = {
			isa = XCConfigurationList;
			buildConfigurations = (
				BD00B5412E9D028E00A84E55 /* Debug */,
				BD00B5422E9D028E00A84E55 /* Release */,
			);
			defaultConfigurationIsVisible = 0;
			defaultConfigurationName = Release;
		};
		BD00B5432E9D028E00A84E55 /* Build configuration list for PBXNativeTarget "stitchtimeUITests" */ = {
			isa = XCConfigurationList;
			buildConfigurations = (
				BD00B5442E9D028E00A84E55 /* Debug */,
				BD00B5452E9D028E00A84E55 /* Release */,
			);
			defaultConfigurationIsVisible = 0;
			defaultConfigurationName = Release;
		};
		BD7571782EA3799600366681 /* Build configuration list for PBXNativeTarget "stitchtimewatchapp Watch App" */ = {
			isa = XCConfigurationList;
			buildConfigurations = (
				BD7571792EA3799600366681 /* Debug */,
				BD75717A2EA3799600366681 /* Release */,
			);
			defaultConfigurationIsVisible = 0;
			defaultConfigurationName = Release;
		};
/* End XCConfigurationList section */
	};
	rootObject = BD00B5122E9D028C00A84E55 /* Project object */;
}
