// !$*UTF8*$!
{
	archiveVersion = 1;
	classes = {
	};
	objectVersion = 77;
	objects = {

/* Begin PBXBuildFile section */
		BD00B56E2E9D194500A84E55 /* stittchtimewatchapp Watch App.app in Embed Watch Content */ = {isa = PBXBuildFile; fileRef = BD00B54E2E9D194200A84E55 /* stittchtimewatchapp Watch App.app */; settings = {ATTRIBUTES = (RemoveHeadersOnCopy, ); }; };
		BD7571302EA2666A00366681 /* onetwostitch Watch App.app in Embed Watch Content */ = {isa = PBXBuildFile; fileRef = BD7571102EA2666800366681 /* onetwostitch Watch App.app */; settings = {ATTRIBUTES = (RemoveHeadersOnCopy, ); }; };
/* End PBXBuildFile section */

/* Begin PBXContainerItemProxy section */
		BD00B52A2E9D028E00A84E55 /* PBXContainerItemProxy */ = {
			isa = PBXContainerItemProxy;
			containerPortal = BD00B5122E9D028C00A84E55 /* Project object */;
			proxyType = 1;
			remoteGlobalIDString = BD00B5192E9D028C00A84E55;
			remoteInfo = stitchtime;
		};
		BD00B5342E9D028E00A84E55 /* PBXContainerItemProxy */ = {
			isa = PBXContainerItemProxy;
			containerPortal = BD00B5122E9D028C00A84E55 /* Project object */;
			proxyType = 1;
			remoteGlobalIDString = BD00B5192E9D028C00A84E55;
			remoteInfo = stitchtime;
		};
		BD00B55B2E9D194500A84E55 /* PBXContainerItemProxy */ = {
			isa = PBXContainerItemProxy;
			containerPortal = BD00B5122E9D028C00A84E55 /* Project object */;
			proxyType = 1;
			remoteGlobalIDString = BD00B54D2E9D194200A84E55;
			remoteInfo = "stittchtimewatchapp Watch App";
		};
		BD00B5652E9D194500A84E55 /* PBXContainerItemProxy */ = {
			isa = PBXContainerItemProxy;
			containerPortal = BD00B5122E9D028C00A84E55 /* Project object */;
			proxyType = 1;
			remoteGlobalIDString = BD00B54D2E9D194200A84E55;
			remoteInfo = "stittchtimewatchapp Watch App";
		};
		BD00B56C2E9D194500A84E55 /* PBXContainerItemProxy */ = {
			isa = PBXContainerItemProxy;
			containerPortal = BD00B5122E9D028C00A84E55 /* Project object */;
			proxyType = 1;
			remoteGlobalIDString = BD00B54D2E9D194200A84E55;
			remoteInfo = "stittchtimewatchapp Watch App";
		};
		BD75711D2EA2666A00366681 /* PBXContainerItemProxy */ = {
			isa = PBXContainerItemProxy;
			containerPortal = BD00B5122E9D028C00A84E55 /* Project object */;
			proxyType = 1;
			remoteGlobalIDString = BD75710F2EA2666800366681;
			remoteInfo = "onetwostitch Watch App";
		};
		BD7571272EA2666A00366681 /* PBXContainerItemProxy */ = {
			isa = PBXContainerItemProxy;
			containerPortal = BD00B5122E9D028C00A84E55 /* Project object */;
			proxyType = 1;
			remoteGlobalIDString = BD75710F2EA2666800366681;
			remoteInfo = "onetwostitch Watch App";
		};
		BD75712E2EA2666A00366681 /* PBXContainerItemProxy */ = {
			isa = PBXContainerItemProxy;
			containerPortal = BD00B5122E9D028C00A84E55 /* Project object */;
			proxyType = 1;
			remoteGlobalIDString = BD75710F2EA2666800366681;
			remoteInfo = "onetwostitch Watch App";
		};
		BD75714B2EA2670600366681 /* PBXContainerItemProxy */ = {
			isa = PBXContainerItemProxy;
			containerPortal = BD00B5122E9D028C00A84E55 /* Project object */;
			proxyType = 1;
			remoteGlobalIDString = BD75713D2EA2670400366681;
			remoteInfo = "stitchtimewatchapp Watch App";
		};
		BD7571552EA2670600366681 /* PBXContainerItemProxy */ = {
			isa = PBXContainerItemProxy;
			containerPortal = BD00B5122E9D028C00A84E55 /* Project object */;
			proxyType = 1;
			remoteGlobalIDString = BD75713D2EA2670400366681;
			remoteInfo = "stitchtimewatchapp Watch App";
		};
/* End PBXContainerItemProxy section */

/* Begin PBXCopyFilesBuildPhase section */
		BD00B5722E9D194500A84E55 /* Embed Watch Content */ = {
			isa = PBXCopyFilesBuildPhase;
			buildActionMask = 2147483647;
			dstPath = "$(CONTENTS_FOLDER_PATH)/Watch";
			dstSubfolderSpec = 16;
			files = (
				BD7571302EA2666A00366681 /* onetwostitch Watch App.app in Embed Watch Content */,
				BD00B56E2E9D194500A84E55 /* stittchtimewatchapp Watch App.app in Embed Watch Content */,
			);
			name = "Embed Watch Content";
			runOnlyForDeploymentPostprocessing = 0;
		};
/* End PBXCopyFilesBuildPhase section */

/* Begin PBXFileReference section */
		BD00B51A2E9D028C00A84E55 /* stitchtime.app */ = {isa = PBXFileReference; explicitFileType = wrapper.application; includeInIndex = 0; path = stitchtime.app; sourceTree = BUILT_PRODUCTS_DIR; };
		BD00B5292E9D028E00A84E55 /* stitchtimeTests.xctest */ = {isa = PBXFileReference; explicitFileType = wrapper.cfbundle; includeInIndex = 0; path = stitchtimeTests.xctest; sourceTree = BUILT_PRODUCTS_DIR; };
		BD00B5332E9D028E00A84E55 /* stitchtimeUITests.xctest */ = {isa = PBXFileReference; explicitFileType = wrapper.cfbundle; includeInIndex = 0; path = stitchtimeUITests.xctest; sourceTree = BUILT_PRODUCTS_DIR; };
		BD00B54E2E9D194200A84E55 /* stittchtimewatchapp Watch App.app */ = {isa = PBXFileReference; explicitFileType = wrapper.application; includeInIndex = 0; path = "stittchtimewatchapp Watch App.app"; sourceTree = BUILT_PRODUCTS_DIR; };
		BD00B55A2E9D194500A84E55 /* stittchtimewatchapp Watch AppTests.xctest */ = {isa = PBXFileReference; explicitFileType = wrapper.cfbundle; includeInIndex = 0; path = "stittchtimewatchapp Watch AppTests.xctest"; sourceTree = BUILT_PRODUCTS_DIR; };
		BD00B5642E9D194500A84E55 /* stittchtimewatchapp Watch AppUITests.xctest */ = {isa = PBXFileReference; explicitFileType = wrapper.cfbundle; includeInIndex = 0; path = "stittchtimewatchapp Watch AppUITests.xctest"; sourceTree = BUILT_PRODUCTS_DIR; };
		BD7571102EA2666800366681 /* onetwostitch Watch App.app */ = {isa = PBXFileReference; explicitFileType = wrapper.application; includeInIndex = 0; path = "onetwostitch Watch App.app"; sourceTree = BUILT_PRODUCTS_DIR; };
		BD75711C2EA2666A00366681 /* onetwostitch Watch AppTests.xctest */ = {isa = PBXFileReference; explicitFileType = wrapper.cfbundle; includeInIndex = 0; path = "onetwostitch Watch AppTests.xctest"; sourceTree = BUILT_PRODUCTS_DIR; };
		BD7571262EA2666A00366681 /* onetwostitch Watch AppUITests.xctest */ = {isa = PBXFileReference; explicitFileType = wrapper.cfbundle; includeInIndex = 0; path = "onetwostitch Watch AppUITests.xctest"; sourceTree = BUILT_PRODUCTS_DIR; };
		BD75713E2EA2670400366681 /* stitchtimewatchapp Watch App.app */ = {isa = PBXFileReference; explicitFileType = wrapper.application; includeInIndex = 0; path = "stitchtimewatchapp Watch App.app"; sourceTree = BUILT_PRODUCTS_DIR; };
		BD75714A2EA2670600366681 /* stitchtimewatchapp Watch AppTests.xctest */ = {isa = PBXFileReference; explicitFileType = wrapper.cfbundle; includeInIndex = 0; path = "stitchtimewatchapp Watch AppTests.xctest"; sourceTree = BUILT_PRODUCTS_DIR; };
		BD7571542EA2670600366681 /* stitchtimewatchapp Watch AppUITests.xctest */ = {isa = PBXFileReference; explicitFileType = wrapper.cfbundle; includeInIndex = 0; path = "stitchtimewatchapp Watch AppUITests.xctest"; sourceTree = BUILT_PRODUCTS_DIR; };
/* End PBXFileReference section */

/* Begin PBXFileSystemSynchronizedRootGroup section */
		BD00B51C2E9D028C00A84E55 /* stitchtime */ = {
			isa = PBXFileSystemSynchronizedRootGroup;
			path = stitchtime;
			sourceTree = "<group>";
		};
		BD00B52C2E9D028E00A84E55 /* stitchtimeTests */ = {
			isa = PBXFileSystemSynchronizedRootGroup;
			path = stitchtimeTests;
			sourceTree = "<group>";
		};
		BD00B5362E9D028E00A84E55 /* stitchtimeUITests */ = {
			isa = PBXFileSystemSynchronizedRootGroup;
			path = stitchtimeUITests;
			sourceTree = "<group>";
		};
		BD75713F2EA2670400366681 /* stitchtimewatchapp Watch App */ = {
			isa = PBXFileSystemSynchronizedRootGroup;
			path = "stitchtimewatchapp Watch App";
			sourceTree = "<group>";
		};
		BD75714D2EA2670600366681 /* stitchtimewatchapp Watch AppTests */ = {
			isa = PBXFileSystemSynchronizedRootGroup;
			path = "stitchtimewatchapp Watch AppTests";
			sourceTree = "<group>";
		};
		BD7571572EA2670600366681 /* stitchtimewatchapp Watch AppUITests */ = {
			isa = PBXFileSystemSynchronizedRootGroup;
			path = "stitchtimewatchapp Watch AppUITests";
			sourceTree = "<group>";
		};
/* End PBXFileSystemSynchronizedRootGroup section */

/* Begin PBXFrameworksBuildPhase section */
		BD00B5172E9D028C00A84E55 /* Frameworks */ = {
			isa = PBXFrameworksBuildPhase;
			buildActionMask = 2147483647;
			files = (
			);
			runOnlyForDeploymentPostprocessing = 0;
		};
		BD00B5262E9D028E00A84E55 /* Frameworks */ = {
			isa = PBXFrameworksBuildPhase;
			buildActionMask = 2147483647;
			files = (
			);
			runOnlyForDeploymentPostprocessing = 0;
		};
		BD00B5302E9D028E00A84E55 /* Frameworks */ = {
			isa = PBXFrameworksBuildPhase;
			buildActionMask = 2147483647;
			files = (
			);
			runOnlyForDeploymentPostprocessing = 0;
		};
		BD00B54B2E9D194200A84E55 /* Frameworks */ = {
			isa = PBXFrameworksBuildPhase;
			buildActionMask = 2147483647;
			files = (
			);
			runOnlyForDeploymentPostprocessing = 0;
		};
		BD00B5572E9D194500A84E55 /* Frameworks */ = {
			isa = PBXFrameworksBuildPhase;
			buildActionMask = 2147483647;
			files = (
			);
			runOnlyForDeploymentPostprocessing = 0;
		};
		BD00B5612E9D194500A84E55 /* Frameworks */ = {
			isa = PBXFrameworksBuildPhase;
			buildActionMask = 2147483647;
			files = (
			);
			runOnlyForDeploymentPostprocessing = 0;
		};
		BD75710D2EA2666800366681 /* Frameworks */ = {
			isa = PBXFrameworksBuildPhase;
			buildActionMask = 2147483647;
			files = (
			);
			runOnlyForDeploymentPostprocessing = 0;
		};
		BD7571192EA2666A00366681 /* Frameworks */ = {
			isa = PBXFrameworksBuildPhase;
			buildActionMask = 2147483647;
			files = (
			);
			runOnlyForDeploymentPostprocessing = 0;
		};
		BD7571232EA2666A00366681 /* Frameworks */ = {
			isa = PBXFrameworksBuildPhase;
			buildActionMask = 2147483647;
			files = (
			);
			runOnlyForDeploymentPostprocessing = 0;
		};
		BD75713B2EA2670400366681 /* Frameworks */ = {
			isa = PBXFrameworksBuildPhase;
			buildActionMask = 2147483647;
			files = (
			);
			runOnlyForDeploymentPostprocessing = 0;
		};
		BD7571472EA2670600366681 /* Frameworks */ = {
			isa = PBXFrameworksBuildPhase;
			buildActionMask = 2147483647;
			files = (
			);
			runOnlyForDeploymentPostprocessing = 0;
		};
		BD7571512EA2670600366681 /* Frameworks */ = {
			isa = PBXFrameworksBuildPhase;
			buildActionMask = 2147483647;
			files = (
			);
			runOnlyForDeploymentPostprocessing = 0;
		};
/* End PBXFrameworksBuildPhase section */

/* Begin PBXGroup section */
		BD00B5112E9D028C00A84E55 = {
			isa = PBXGroup;
			children = (
				BD00B51C2E9D028C00A84E55 /* stitchtime */,
				BD00B52C2E9D028E00A84E55 /* stitchtimeTests */,
				BD00B5362E9D028E00A84E55 /* stitchtimeUITests */,
				BD75713F2EA2670400366681 /* stitchtimewatchapp Watch App */,
				BD75714D2EA2670600366681 /* stitchtimewatchapp Watch AppTests */,
				BD7571572EA2670600366681 /* stitchtimewatchapp Watch AppUITests */,
				BD00B51B2E9D028C00A84E55 /* Products */,
			);
			sourceTree = "<group>";
		};
		BD00B51B2E9D028C00A84E55 /* Products */ = {
			isa = PBXGroup;
			children = (
				BD00B51A2E9D028C00A84E55 /* stitchtime.app */,
				BD00B5292E9D028E00A84E55 /* stitchtimeTests.xctest */,
				BD00B5332E9D028E00A84E55 /* stitchtimeUITests.xctest */,
				BD00B54E2E9D194200A84E55 /* stittchtimewatchapp Watch App.app */,
				BD00B55A2E9D194500A84E55 /* stittchtimewatchapp Watch AppTests.xctest */,
				BD00B5642E9D194500A84E55 /* stittchtimewatchapp Watch AppUITests.xctest */,
				BD7571102EA2666800366681 /* onetwostitch Watch App.app */,
				BD75711C2EA2666A00366681 /* onetwostitch Watch AppTests.xctest */,
				BD7571262EA2666A00366681 /* onetwostitch Watch AppUITests.xctest */,
				BD75713E2EA2670400366681 /* stitchtimewatchapp Watch App.app */,
				BD75714A2EA2670600366681 /* stitchtimewatchapp Watch AppTests.xctest */,
				BD7571542EA2670600366681 /* stitchtimewatchapp Watch AppUITests.xctest */,
			);
			name = Products;
			sourceTree = "<group>";
		};
/* End PBXGroup section */

/* Begin PBXNativeTarget section */
		BD00B5192E9D028C00A84E55 /* stitchtime */ = {
			isa = PBXNativeTarget;
			buildConfigurationList = BD00B53D2E9D028E00A84E55 /* Build configuration list for PBXNativeTarget "stitchtime" */;
			buildPhases = (
				BD00B5162E9D028C00A84E55 /* Sources */,
				BD00B5172E9D028C00A84E55 /* Frameworks */,
				BD00B5182E9D028C00A84E55 /* Resources */,
				BD00B5722E9D194500A84E55 /* Embed Watch Content */,
			);
			buildRules = (
			);
			dependencies = (
				BD00B56D2E9D194500A84E55 /* PBXTargetDependency */,
				BD75712F2EA2666A00366681 /* PBXTargetDependency */,
			);
			fileSystemSynchronizedGroups = (
				BD00B51C2E9D028C00A84E55 /* stitchtime */,
			);
			name = stitchtime;
			packageProductDependencies = (
			);
			productName = stitchtime;
			productReference = BD00B51A2E9D028C00A84E55 /* stitchtime.app */;
			productType = "com.apple.product-type.application";
		};
		BD00B5282E9D028E00A84E55 /* stitchtimeTests */ = {
			isa = PBXNativeTarget;
			buildConfigurationList = BD00B5402E9D028E00A84E55 /* Build configuration list for PBXNativeTarget "stitchtimeTests" */;
			buildPhases = (
				BD00B5252E9D028E00A84E55 /* Sources */,
				BD00B5262E9D028E00A84E55 /* Frameworks */,
				BD00B5272E9D028E00A84E55 /* Resources */,
			);
			buildRules = (
			);
			dependencies = (
				BD00B52B2E9D028E00A84E55 /* PBXTargetDependency */,
			);
			fileSystemSynchronizedGroups = (
				BD00B52C2E9D028E00A84E55 /* stitchtimeTests */,
			);
			name = stitchtimeTests;
			packageProductDependencies = (
			);
			productName = stitchtimeTests;
			productReference = BD00B5292E9D028E00A84E55 /* stitchtimeTests.xctest */;
			productType = "com.apple.product-type.bundle.unit-test";
		};
		BD00B5322E9D028E00A84E55 /* stitchtimeUITests */ = {
			isa = PBXNativeTarget;
			buildConfigurationList = BD00B5432E9D028E00A84E55 /* Build configuration list for PBXNativeTarget "stitchtimeUITests" */;
			buildPhases = (
				BD00B52F2E9D028E00A84E55 /* Sources */,
				BD00B5302E9D028E00A84E55 /* Frameworks */,
				BD00B5312E9D028E00A84E55 /* Resources */,
			);
			buildRules = (
			);
			dependencies = (
				BD00B5352E9D028E00A84E55 /* PBXTargetDependency */,
			);
			fileSystemSynchronizedGroups = (
				BD00B5362E9D028E00A84E55 /* stitchtimeUITests */,
			);
			name = stitchtimeUITests;
			packageProductDependencies = (
			);
			productName = stitchtimeUITests;
			productReference = BD00B5332E9D028E00A84E55 /* stitchtimeUITests.xctest */;
			productType = "com.apple.product-type.bundle.ui-testing";
		};
		BD00B54D2E9D194200A84E55 /* stittchtimewatchapp Watch App */ = {
			isa = PBXNativeTarget;
			buildConfigurationList = BD00B56F2E9D194500A84E55 /* Build configuration list for PBXNativeTarget "stittchtimewatchapp Watch App" */;
			buildPhases = (
				BD00B54A2E9D194200A84E55 /* Sources */,
				BD00B54B2E9D194200A84E55 /* Frameworks */,
				BD00B54C2E9D194200A84E55 /* Resources */,
			);
			buildRules = (
			);
			dependencies = (
			);
			name = "stittchtimewatchapp Watch App";
			packageProductDependencies = (
			);
			productName = "stittchtimewatchapp Watch App";
			productReference = BD00B54E2E9D194200A84E55 /* stittchtimewatchapp Watch App.app */;
			productType = "com.apple.product-type.application";
		};
		BD00B5592E9D194500A84E55 /* stittchtimewatchapp Watch AppTests */ = {
			isa = PBXNativeTarget;
			buildConfigurationList = BD00B5732E9D194500A84E55 /* Build configuration list for PBXNativeTarget "stittchtimewatchapp Watch AppTests" */;
			buildPhases = (
				BD00B5562E9D194500A84E55 /* Sources */,
				BD00B5572E9D194500A84E55 /* Frameworks */,
				BD00B5582E9D194500A84E55 /* Resources */,
			);
			buildRules = (
			);
			dependencies = (
				BD00B55C2E9D194500A84E55 /* PBXTargetDependency */,
			);
			name = "stittchtimewatchapp Watch AppTests";
			packageProductDependencies = (
			);
			productName = "stittchtimewatchapp Watch AppTests";
			productReference = BD00B55A2E9D194500A84E55 /* stittchtimewatchapp Watch AppTests.xctest */;
			productType = "com.apple.product-type.bundle.unit-test";
		};
		BD00B5632E9D194500A84E55 /* stittchtimewatchapp Watch AppUITests */ = {
			isa = PBXNativeTarget;
			buildConfigurationList = BD00B5762E9D194500A84E55 /* Build configuration list for PBXNativeTarget "stittchtimewatchapp Watch AppUITests" */;
			buildPhases = (
				BD00B5602E9D194500A84E55 /* Sources */,
				BD00B5612E9D194500A84E55 /* Frameworks */,
				BD00B5622E9D194500A84E55 /* Resources */,
			);
			buildRules = (
			);
			dependencies = (
				BD00B5662E9D194500A84E55 /* PBXTargetDependency */,
			);
			name = "stittchtimewatchapp Watch AppUITests";
			packageProductDependencies = (
			);
			productName = "stittchtimewatchapp Watch AppUITests";
			productReference = BD00B5642E9D194500A84E55 /* stittchtimewatchapp Watch AppUITests.xctest */;
			productType = "com.apple.product-type.bundle.ui-testing";
		};
		BD75710F2EA2666800366681 /* onetwostitch Watch App */ = {
			isa = PBXNativeTarget;
			buildConfigurationList = BD7571312EA2666A00366681 /* Build configuration list for PBXNativeTarget "onetwostitch Watch App" */;
			buildPhases = (
				BD75710C2EA2666800366681 /* Sources */,
				BD75710D2EA2666800366681 /* Frameworks */,
				BD75710E2EA2666800366681 /* Resources */,
			);
			buildRules = (
			);
			dependencies = (
			);
			name = "onetwostitch Watch App";
			packageProductDependencies = (
			);
			productName = "onetwostitch Watch App";
			productReference = BD7571102EA2666800366681 /* onetwostitch Watch App.app */;
			productType = "com.apple.product-type.application";
		};
		BD75711B2EA2666A00366681 /* onetwostitch Watch AppTests */ = {
			isa = PBXNativeTarget;
			buildConfigurationList = BD7571342EA2666A00366681 /* Build configuration list for PBXNativeTarget "onetwostitch Watch AppTests" */;
			buildPhases = (
				BD7571182EA2666A00366681 /* Sources */,
				BD7571192EA2666A00366681 /* Frameworks */,
				BD75711A2EA2666A00366681 /* Resources */,
			);
			buildRules = (
			);
			dependencies = (
				BD75711E2EA2666A00366681 /* PBXTargetDependency */,
			);
			name = "onetwostitch Watch AppTests";
			packageProductDependencies = (
			);
			productName = "onetwostitch Watch AppTests";
			productReference = BD75711C2EA2666A00366681 /* onetwostitch Watch AppTests.xctest */;
			productType = "com.apple.product-type.bundle.unit-test";
		};
		BD7571252EA2666A00366681 /* onetwostitch Watch AppUITests */ = {
			isa = PBXNativeTarget;
			buildConfigurationList = BD7571372EA2666A00366681 /* Build configuration list for PBXNativeTarget "onetwostitch Watch AppUITests" */;
			buildPhases = (
				BD7571222EA2666A00366681 /* Sources */,
				BD7571232EA2666A00366681 /* Frameworks */,
				BD7571242EA2666A00366681 /* Resources */,
			);
			buildRules = (
			);
			dependencies = (
				BD7571282EA2666A00366681 /* PBXTargetDependency */,
			);
			name = "onetwostitch Watch AppUITests";
			packageProductDependencies = (
			);
			productName = "onetwostitch Watch AppUITests";
			productReference = BD7571262EA2666A00366681 /* onetwostitch Watch AppUITests.xctest */;
			productType = "com.apple.product-type.bundle.ui-testing";
		};
		BD75713D2EA2670400366681 /* stitchtimewatchapp Watch App */ = {
			isa = PBXNativeTarget;
			buildConfigurationList = BD75715C2EA2670600366681 /* Build configuration list for PBXNativeTarget "stitchtimewatchapp Watch App" */;
			buildPhases = (
				BD75713A2EA2670400366681 /* Sources */,
				BD75713B2EA2670400366681 /* Frameworks */,
				BD75713C2EA2670400366681 /* Resources */,
			);
			buildRules = (
			);
			dependencies = (
			);
			fileSystemSynchronizedGroups = (
				BD75713F2EA2670400366681 /* stitchtimewatchapp Watch App */,
			);
			name = "stitchtimewatchapp Watch App";
			packageProductDependencies = (
			);
			productName = "stitchtimewatchapp Watch App";
			productReference = BD75713E2EA2670400366681 /* stitchtimewatchapp Watch App.app */;
			productType = "com.apple.product-type.application";
		};
		BD7571492EA2670600366681 /* stitchtimewatchapp Watch AppTests */ = {
			isa = PBXNativeTarget;
			buildConfigurationList = BD75715F2EA2670600366681 /* Build configuration list for PBXNativeTarget "stitchtimewatchapp Watch AppTests" */;
			buildPhases = (
				BD7571462EA2670600366681 /* Sources */,
				BD7571472EA2670600366681 /* Frameworks */,
				BD7571482EA2670600366681 /* Resources */,
			);
			buildRules = (
			);
			dependencies = (
				BD75714C2EA2670600366681 /* PBXTargetDependency */,
			);
			fileSystemSynchronizedGroups = (
				BD75714D2EA2670600366681 /* stitchtimewatchapp Watch AppTests */,
			);
			name = "stitchtimewatchapp Watch AppTests";
			packageProductDependencies = (
			);
			productName = "stitchtimewatchapp Watch AppTests";
			productReference = BD75714A2EA2670600366681 /* stitchtimewatchapp Watch AppTests.xctest */;
			productType = "com.apple.product-type.bundle.unit-test";
		};
		BD7571532EA2670600366681 /* stitchtimewatchapp Watch AppUITests */ = {
			isa = PBXNativeTarget;
			buildConfigurationList = BD7571622EA2670600366681 /* Build configuration list for PBXNativeTarget "stitchtimewatchapp Watch AppUITests" */;
			buildPhases = (
				BD7571502EA2670600366681 /* Sources */,
				BD7571512EA2670600366681 /* Frameworks */,
				BD7571522EA2670600366681 /* Resources */,
			);
			buildRules = (
			);
			dependencies = (
				BD7571562EA2670600366681 /* PBXTargetDependency */,
			);
			fileSystemSynchronizedGroups = (
				BD7571572EA2670600366681 /* stitchtimewatchapp Watch AppUITests */,
			);
			name = "stitchtimewatchapp Watch AppUITests";
			packageProductDependencies = (
			);
			productName = "stitchtimewatchapp Watch AppUITests";
			productReference = BD7571542EA2670600366681 /* stitchtimewatchapp Watch AppUITests.xctest */;
			productType = "com.apple.product-type.bundle.ui-testing";
		};
/* End PBXNativeTarget section */

/* Begin PBXProject section */
		BD00B5122E9D028C00A84E55 /* Project object */ = {
			isa = PBXProject;
			attributes = {
				BuildIndependentTargetsInParallel = 1;
				LastSwiftUpdateCheck = 2600;
				LastUpgradeCheck = 2600;
				TargetAttributes = {
					BD00B5192E9D028C00A84E55 = {
						CreatedOnToolsVersion = 26.0.1;
					};
					BD00B5282E9D028E00A84E55 = {
						CreatedOnToolsVersion = 26.0.1;
						TestTargetID = BD00B5192E9D028C00A84E55;
					};
					BD00B5322E9D028E00A84E55 = {
						CreatedOnToolsVersion = 26.0.1;
						TestTargetID = BD00B5192E9D028C00A84E55;
					};
					BD00B54D2E9D194200A84E55 = {
						CreatedOnToolsVersion = 26.0.1;
					};
					BD00B5592E9D194500A84E55 = {
						CreatedOnToolsVersion = 26.0.1;
						TestTargetID = BD00B54D2E9D194200A84E55;
					};
					BD00B5632E9D194500A84E55 = {
						CreatedOnToolsVersion = 26.0.1;
						TestTargetID = BD00B54D2E9D194200A84E55;
					};
					BD75710F2EA2666800366681 = {
						CreatedOnToolsVersion = 26.0.1;
					};
					BD75711B2EA2666A00366681 = {
						CreatedOnToolsVersion = 26.0.1;
						TestTargetID = BD75710F2EA2666800366681;
					};
					BD7571252EA2666A00366681 = {
						CreatedOnToolsVersion = 26.0.1;
						TestTargetID = BD75710F2EA2666800366681;
					};
					BD75713D2EA2670400366681 = {
						CreatedOnToolsVersion = 26.0.1;
					};
					BD7571492EA2670600366681 = {
						CreatedOnToolsVersion = 26.0.1;
						TestTargetID = BD75713D2EA2670400366681;
					};
					BD7571532EA2670600366681 = {
						CreatedOnToolsVersion = 26.0.1;
						TestTargetID = BD75713D2EA2670400366681;
					};
				};
			};
			buildConfigurationList = BD00B5152E9D028C00A84E55 /* Build configuration list for PBXProject "stitchtime" */;
			developmentRegion = en;
			hasScannedForEncodings = 0;
			knownRegions = (
				en,
				Base,
			);
			mainGroup = BD00B5112E9D028C00A84E55;
			minimizedProjectReferenceProxies = 1;
			preferredProjectObjectVersion = 77;
			productRefGroup = BD00B51B2E9D028C00A84E55 /* Products */;
			projectDirPath = "";
			projectRoot = "";
			targets = (
				BD00B5192E9D028C00A84E55 /* stitchtime */,
				BD00B5282E9D028E00A84E55 /* stitchtimeTests */,
				BD00B5322E9D028E00A84E55 /* stitchtimeUITests */,
				BD00B54D2E9D194200A84E55 /* stittchtimewatchapp Watch App */,
				BD00B5592E9D194500A84E55 /* stittchtimewatchapp Watch AppTests */,
				BD00B5632E9D194500A84E55 /* stittchtimewatchapp Watch AppUITests */,
				BD75710F2EA2666800366681 /* onetwostitch Watch App */,
				BD75711B2EA2666A00366681 /* onetwostitch Watch AppTests */,
				BD7571252EA2666A00366681 /* onetwostitch Watch AppUITests */,
				BD75713D2EA2670400366681 /* stitchtimewatchapp Watch App */,
				BD7571492EA2670600366681 /* stitchtimewatchapp Watch AppTests */,
				BD7571532EA2670600366681 /* stitchtimewatchapp Watch AppUITests */,
			);
		};
/* End PBXProject section */

/* Begin PBXResourcesBuildPhase section */
		BD00B5182E9D028C00A84E55 /* Resources */ = {
			isa = PBXResourcesBuildPhase;
			buildActionMask = 2147483647;
			files = (
			);
			runOnlyForDeploymentPostprocessing = 0;
		};
		BD00B5272E9D028E00A84E55 /* Resources */ = {
			isa = PBXResourcesBuildPhase;
			buildActionMask = 2147483647;
			files = (
			);
			runOnlyForDeploymentPostprocessing = 0;
		};
		BD00B5312E9D028E00A84E55 /* Resources */ = {
			isa = PBXResourcesBuildPhase;
			buildActionMask = 2147483647;
			files = (
			);
			runOnlyForDeploymentPostprocessing = 0;
		};
		BD00B54C2E9D194200A84E55 /* Resources */ = {
			isa = PBXResourcesBuildPhase;
			buildActionMask = 2147483647;
			files = (
			);
			runOnlyForDeploymentPostprocessing = 0;
		};
		BD00B5582E9D194500A84E55 /* Resources */ = {
			isa = PBXResourcesBuildPhase;
			buildActionMask = 2147483647;
			files = (
			);
			runOnlyForDeploymentPostprocessing = 0;
		};
		BD00B5622E9D194500A84E55 /* Resources */ = {
			isa = PBXResourcesBuildPhase;
			buildActionMask = 2147483647;
			files = (
			);
			runOnlyForDeploymentPostprocessing = 0;
		};
		BD75710E2EA2666800366681 /* Resources */ = {
			isa = PBXResourcesBuildPhase;
			buildActionMask = 2147483647;
			files = (
			);
			runOnlyForDeploymentPostprocessing = 0;
		};
		BD75711A2EA2666A00366681 /* Resources */ = {
			isa = PBXResourcesBuildPhase;
			buildActionMask = 2147483647;
			files = (
			);
			runOnlyForDeploymentPostprocessing = 0;
		};
		BD7571242EA2666A00366681 /* Resources */ = {
			isa = PBXResourcesBuildPhase;
			buildActionMask = 2147483647;
			files = (
			);
			runOnlyForDeploymentPostprocessing = 0;
		};
		BD75713C2EA2670400366681 /* Resources */ = {
			isa = PBXResourcesBuildPhase;
			buildActionMask = 2147483647;
			files = (
			);
			runOnlyForDeploymentPostprocessing = 0;
		};
		BD7571482EA2670600366681 /* Resources */ = {
			isa = PBXResourcesBuildPhase;
			buildActionMask = 2147483647;
			files = (
			);
			runOnlyForDeploymentPostprocessing = 0;
		};
		BD7571522EA2670600366681 /* Resources */ = {
			isa = PBXResourcesBuildPhase;
			buildActionMask = 2147483647;
			files = (
			);
			runOnlyForDeploymentPostprocessing = 0;
		};
/* End PBXResourcesBuildPhase section */

/* Begin PBXSourcesBuildPhase section */
		BD00B5162E9D028C00A84E55 /* Sources */ = {
			isa = PBXSourcesBuildPhase;
			buildActionMask = 2147483647;
			files = (
			);
			runOnlyForDeploymentPostprocessing = 0;
		};
		BD00B5252E9D028E00A84E55 /* Sources */ = {
			isa = PBXSourcesBuildPhase;
			buildActionMask = 2147483647;
			files = (
			);
			runOnlyForDeploymentPostprocessing = 0;
		};
		BD00B52F2E9D028E00A84E55 /* Sources */ = {
			isa = PBXSourcesBuildPhase;
			buildActionMask = 2147483647;
			files = (
			);
			runOnlyForDeploymentPostprocessing = 0;
		};
		BD00B54A2E9D194200A84E55 /* Sources */ = {
			isa = PBXSourcesBuildPhase;
			buildActionMask = 2147483647;
			files = (
			);
			runOnlyForDeploymentPostprocessing = 0;
		};
		BD00B5562E9D194500A84E55 /* Sources */ = {
			isa = PBXSourcesBuildPhase;
			buildActionMask = 2147483647;
			files = (
			);
			runOnlyForDeploymentPostprocessing = 0;
		};
		BD00B5602E9D194500A84E55 /* Sources */ = {
			isa = PBXSourcesBuildPhase;
			buildActionMask = 2147483647;
			files = (
			);
			runOnlyForDeploymentPostprocessing = 0;
		};
		BD75710C2EA2666800366681 /* Sources */ = {
			isa = PBXSourcesBuildPhase;
			buildActionMask = 2147483647;
			files = (
			);
			runOnlyForDeploymentPostprocessing = 0;
		};
		BD7571182EA2666A00366681 /* Sources */ = {
			isa = PBXSourcesBuildPhase;
			buildActionMask = 2147483647;
			files = (
			);
			runOnlyForDeploymentPostprocessing = 0;
		};
		BD7571222EA2666A00366681 /* Sources */ = {
			isa = PBXSourcesBuildPhase;
			buildActionMask = 2147483647;
			files = (
			);
			runOnlyForDeploymentPostprocessing = 0;
		};
		BD75713A2EA2670400366681 /* Sources */ = {
			isa = PBXSourcesBuildPhase;
			buildActionMask = 2147483647;
			files = (
			);
			runOnlyForDeploymentPostprocessing = 0;
		};
		BD7571462EA2670600366681 /* Sources */ = {
			isa = PBXSourcesBuildPhase;
			buildActionMask = 2147483647;
			files = (
			);
			runOnlyForDeploymentPostprocessing = 0;
		};
		BD7571502EA2670600366681 /* Sources */ = {
			isa = PBXSourcesBuildPhase;
			buildActionMask = 2147483647;
			files = (
			);
			runOnlyForDeploymentPostprocessing = 0;
		};
/* End PBXSourcesBuildPhase section */

/* Begin PBXTargetDependency section */
		BD00B52B2E9D028E00A84E55 /* PBXTargetDependency */ = {
			isa = PBXTargetDependency;
			target = BD00B5192E9D028C00A84E55 /* stitchtime */;
			targetProxy = BD00B52A2E9D028E00A84E55 /* PBXContainerItemProxy */;
		};
		BD00B5352E9D028E00A84E55 /* PBXTargetDependency */ = {
			isa = PBXTargetDependency;
			target = BD00B5192E9D028C00A84E55 /* stitchtime */;
			targetProxy = BD00B5342E9D028E00A84E55 /* PBXContainerItemProxy */;
		};
		BD00B55C2E9D194500A84E55 /* PBXTargetDependency */ = {
			isa = PBXTargetDependency;
			target = BD00B54D2E9D194200A84E55 /* stittchtimewatchapp Watch App */;
			targetProxy = BD00B55B2E9D194500A84E55 /* PBXContainerItemProxy */;
		};
		BD00B5662E9D194500A84E55 /* PBXTargetDependency */ = {
			isa = PBXTargetDependency;
			target = BD00B54D2E9D194200A84E55 /* stittchtimewatchapp Watch App */;
			targetProxy = BD00B5652E9D194500A84E55 /* PBXContainerItemProxy */;
		};
		BD00B56D2E9D194500A84E55 /* PBXTargetDependency */ = {
			isa = PBXTargetDependency;
			target = BD00B54D2E9D194200A84E55 /* stittchtimewatchapp Watch App */;
			targetProxy = BD00B56C2E9D194500A84E55 /* PBXContainerItemProxy */;
		};
		BD75711E2EA2666A00366681 /* PBXTargetDependency */ = {
			isa = PBXTargetDependency;
			target = BD75710F2EA2666800366681 /* onetwostitch Watch App */;
			targetProxy = BD75711D2EA2666A00366681 /* PBXContainerItemProxy */;
		};
		BD7571282EA2666A00366681 /* PBXTargetDependency */ = {
			isa = PBXTargetDependency;
			target = BD75710F2EA2666800366681 /* onetwostitch Watch App */;
			targetProxy = BD7571272EA2666A00366681 /* PBXContainerItemProxy */;
		};
		BD75712F2EA2666A00366681 /* PBXTargetDependency */ = {
			isa = PBXTargetDependency;
			target = BD75710F2EA2666800366681 /* onetwostitch Watch App */;
			targetProxy = BD75712E2EA2666A00366681 /* PBXContainerItemProxy */;
		};
		BD75714C2EA2670600366681 /* PBXTargetDependency */ = {
			isa = PBXTargetDependency;
			target = BD75713D2EA2670400366681 /* stitchtimewatchapp Watch App */;
			targetProxy = BD75714B2EA2670600366681 /* PBXContainerItemProxy */;
		};
		BD7571562EA2670600366681 /* PBXTargetDependency */ = {
			isa = PBXTargetDependency;
			target = BD75713D2EA2670400366681 /* stitchtimewatchapp Watch App */;
			targetProxy = BD7571552EA2670600366681 /* PBXContainerItemProxy */;
		};
/* End PBXTargetDependency section */

/* Begin XCBuildConfiguration section */
		BD00B53B2E9D028E00A84E55 /* Debug */ = {
			isa = XCBuildConfiguration;
			buildSettings = {
				ALWAYS_SEARCH_USER_PATHS = NO;
				ASSETCATALOG_COMPILER_GENERATE_SWIFT_ASSET_SYMBOL_EXTENSIONS = YES;
				CLANG_ANALYZER_NONNULL = YES;
				CLANG_ANALYZER_NUMBER_OBJECT_CONVERSION = YES_AGGRESSIVE;
				CLANG_CXX_LANGUAGE_STANDARD = "gnu++20";
				CLANG_ENABLE_MODULES = YES;
				CLANG_ENABLE_OBJC_ARC = YES;
				CLANG_ENABLE_OBJC_WEAK = YES;
				CLANG_WARN_BLOCK_CAPTURE_AUTORELEASING = YES;
				CLANG_WARN_BOOL_CONVERSION = YES;
				CLANG_WARN_COMMA = YES;
				CLANG_WARN_CONSTANT_CONVERSION = YES;
				CLANG_WARN_DEPRECATED_OBJC_IMPLEMENTATIONS = YES;
				CLANG_WARN_DIRECT_OBJC_ISA_USAGE = YES_ERROR;
				CLANG_WARN_DOCUMENTATION_COMMENTS = YES;
				CLANG_WARN_EMPTY_BODY = YES;
				CLANG_WARN_ENUM_CONVERSION = YES;
				CLANG_WARN_INFINITE_RECURSION = YES;
				CLANG_WARN_INT_CONVERSION = YES;
				CLANG_WARN_NON_LITERAL_NULL_CONVERSION = YES;
				CLANG_WARN_OBJC_IMPLICIT_RETAIN_SELF = YES;
				CLANG_WARN_OBJC_LITERAL_CONVERSION = YES;
				CLANG_WARN_OBJC_ROOT_CLASS = YES_ERROR;
				CLANG_WARN_QUOTED_INCLUDE_IN_FRAMEWORK_HEADER = YES;
				CLANG_WARN_RANGE_LOOP_ANALYSIS = YES;
				CLANG_WARN_STRICT_PROTOTYPES = YES;
				CLANG_WARN_SUSPICIOUS_MOVE = YES;
				CLANG_WARN_UNGUARDED_AVAILABILITY = YES_AGGRESSIVE;
				CLANG_WARN_UNREACHABLE_CODE = YES;
				CLANG_WARN__DUPLICATE_METHOD_MATCH = YES;
				COPY_PHASE_STRIP = NO;
				DEBUG_INFORMATION_FORMAT = dwarf;
				DEVELOPMENT_TEAM = 36MNCNG7Q8;
				ENABLE_STRICT_OBJC_MSGSEND = YES;
				ENABLE_TESTABILITY = YES;
				ENABLE_USER_SCRIPT_SANDBOXING = YES;
				GCC_C_LANGUAGE_STANDARD = gnu17;
				GCC_DYNAMIC_NO_PIC = NO;
				GCC_NO_COMMON_BLOCKS = YES;
				GCC_OPTIMIZATION_LEVEL = 0;
				GCC_PREPROCESSOR_DEFINITIONS = (
					"DEBUG=1",
					"$(inherited)",
				);
				GCC_WARN_64_TO_32_BIT_CONVERSION = YES;
				GCC_WARN_ABOUT_RETURN_TYPE = YES_ERROR;
				GCC_WARN_UNDECLARED_SELECTOR = YES;
				GCC_WARN_UNINITIALIZED_AUTOS = YES_AGGRESSIVE;
				GCC_WARN_UNUSED_FUNCTION = YES;
				GCC_WARN_UNUSED_VARIABLE = YES;
				IPHONEOS_DEPLOYMENT_TARGET = 26.0;
				LOCALIZATION_PREFERS_STRING_CATALOGS = YES;
				MTL_ENABLE_DEBUG_INFO = INCLUDE_SOURCE;
				MTL_FAST_MATH = YES;
				ONLY_ACTIVE_ARCH = YES;
				SDKROOT = iphoneos;
				SWIFT_ACTIVE_COMPILATION_CONDITIONS = "DEBUG $(inherited)";
				SWIFT_OPTIMIZATION_LEVEL = "-Onone";
			};
			name = Debug;
		};
		BD00B53C2E9D028E00A84E55 /* Release */ = {
			isa = XCBuildConfiguration;
			buildSettings = {
				ALWAYS_SEARCH_USER_PATHS = NO;
				ASSETCATALOG_COMPILER_GENERATE_SWIFT_ASSET_SYMBOL_EXTENSIONS = YES;
				CLANG_ANALYZER_NONNULL = YES;
				CLANG_ANALYZER_NUMBER_OBJECT_CONVERSION = YES_AGGRESSIVE;
				CLANG_CXX_LANGUAGE_STANDARD = "gnu++20";
				CLANG_ENABLE_MODULES = YES;
				CLANG_ENABLE_OBJC_ARC = YES;
				CLANG_ENABLE_OBJC_WEAK = YES;
				CLANG_WARN_BLOCK_CAPTURE_AUTORELEASING = YES;
				CLANG_WARN_BOOL_CONVERSION = YES;
				CLANG_WARN_COMMA = YES;
				CLANG_WARN_CONSTANT_CONVERSION = YES;
				CLANG_WARN_DEPRECATED_OBJC_IMPLEMENTATIONS = YES;
				CLANG_WARN_DIRECT_OBJC_ISA_USAGE = YES_ERROR;
				CLANG_WARN_DOCUMENTATION_COMMENTS = YES;
				CLANG_WARN_EMPTY_BODY = YES;
				CLANG_WARN_ENUM_CONVERSION = YES;
				CLANG_WARN_INFINITE_RECURSION = YES;
				CLANG_WARN_INT_CONVERSION = YES;
				CLANG_WARN_NON_LITERAL_NULL_CONVERSION = YES;
				CLANG_WARN_OBJC_IMPLICIT_RETAIN_SELF = YES;
				CLANG_WARN_OBJC_LITERAL_CONVERSION = YES;
				CLANG_WARN_OBJC_ROOT_CLASS = YES_ERROR;
				CLANG_WARN_QUOTED_INCLUDE_IN_FRAMEWORK_HEADER = YES;
				CLANG_WARN_RANGE_LOOP_ANALYSIS = YES;
				CLANG_WARN_STRICT_PROTOTYPES = YES;
				CLANG_WARN_SUSPICIOUS_MOVE = YES;
				CLANG_WARN_UNGUARDED_AVAILABILITY = YES_AGGRESSIVE;
				CLANG_WARN_UNREACHABLE_CODE = YES;
				CLANG_WARN__DUPLICATE_METHOD_MATCH = YES;
				COPY_PHASE_STRIP = NO;
				DEBUG_INFORMATION_FORMAT = "dwarf-with-dsym";
				DEVELOPMENT_TEAM = 36MNCNG7Q8;
				ENABLE_NS_ASSERTIONS = NO;
				ENABLE_STRICT_OBJC_MSGSEND = YES;
				ENABLE_USER_SCRIPT_SANDBOXING = YES;
				GCC_C_LANGUAGE_STANDARD = gnu17;
				GCC_NO_COMMON_BLOCKS = YES;
				GCC_WARN_64_TO_32_BIT_CONVERSION = YES;
				GCC_WARN_ABOUT_RETURN_TYPE = YES_ERROR;
				GCC_WARN_UNDECLARED_SELECTOR = YES;
				GCC_WARN_UNINITIALIZED_AUTOS = YES_AGGRESSIVE;
				GCC_WARN_UNUSED_FUNCTION = YES;
				GCC_WARN_UNUSED_VARIABLE = YES;
				IPHONEOS_DEPLOYMENT_TARGET = 26.0;
				LOCALIZATION_PREFERS_STRING_CATALOGS = YES;
				MTL_ENABLE_DEBUG_INFO = NO;
				MTL_FAST_MATH = YES;
				SDKROOT = iphoneos;
				SWIFT_COMPILATION_MODE = wholemodule;
				VALIDATE_PRODUCT = YES;
			};
			name = Release;
		};
		BD00B53E2E9D028E00A84E55 /* Debug */ = {
			isa = XCBuildConfiguration;
			buildSettings = {
				ASSETCATALOG_COMPILER_APPICON_NAME = AppIcon;
				ASSETCATALOG_COMPILER_GLOBAL_ACCENT_COLOR_NAME = AccentColor;
				CODE_SIGN_STYLE = Automatic;
				CURRENT_PROJECT_VERSION = 1;
				DEVELOPMENT_TEAM = 36MNCNG7Q8;
				ENABLE_PREVIEWS = YES;
				GENERATE_INFOPLIST_FILE = YES;
				INFOPLIST_KEY_UIApplicationSceneManifest_Generation = YES;
				INFOPLIST_KEY_UIApplicationSupportsIndirectInputEvents = YES;
				INFOPLIST_KEY_UILaunchScreen_Generation = YES;
				INFOPLIST_KEY_UISupportedInterfaceOrientations_iPad = "UIInterfaceOrientationPortrait UIInterfaceOrientationPortraitUpsideDown UIInterfaceOrientationLandscapeLeft UIInterfaceOrientationLandscapeRight";
				INFOPLIST_KEY_UISupportedInterfaceOrientations_iPhone = "UIInterfaceOrientationPortrait UIInterfaceOrientationLandscapeLeft UIInterfaceOrientationLandscapeRight";
				LD_RUNPATH_SEARCH_PATHS = (
					"$(inherited)",
					"@executable_path/Frameworks",
				);
				MARKETING_VERSION = 1.0;
				PRODUCT_BUNDLE_IDENTIFIER = com.nubrajarial.stitchtime;
				PRODUCT_NAME = "$(TARGET_NAME)";
				STRING_CATALOG_GENERATE_SYMBOLS = YES;
				SWIFT_APPROACHABLE_CONCURRENCY = YES;
				SWIFT_DEFAULT_ACTOR_ISOLATION = MainActor;
				SWIFT_EMIT_LOC_STRINGS = YES;
				SWIFT_UPCOMING_FEATURE_MEMBER_IMPORT_VISIBILITY = YES;
				SWIFT_VERSION = 5.0;
				TARGETED_DEVICE_FAMILY = "1,2";
			};
			name = Debug;
		};
		BD00B53F2E9D028E00A84E55 /* Release */ = {
			isa = XCBuildConfiguration;
			buildSettings = {
				ASSETCATALOG_COMPILER_APPICON_NAME = AppIcon;
				ASSETCATALOG_COMPILER_GLOBAL_ACCENT_COLOR_NAME = AccentColor;
				CODE_SIGN_STYLE = Automatic;
				CURRENT_PROJECT_VERSION = 1;
				DEVELOPMENT_TEAM = 36MNCNG7Q8;
				ENABLE_PREVIEWS = YES;
				GENERATE_INFOPLIST_FILE = YES;
				INFOPLIST_KEY_UIApplicationSceneManifest_Generation = YES;
				INFOPLIST_KEY_UIApplicationSupportsIndirectInputEvents = YES;
				INFOPLIST_KEY_UILaunchScreen_Generation = YES;
				INFOPLIST_KEY_UISupportedInterfaceOrientations_iPad = "UIInterfaceOrientationPortrait UIInterfaceOrientationPortraitUpsideDown UIInterfaceOrientationLandscapeLeft UIInterfaceOrientationLandscapeRight";
				INFOPLIST_KEY_UISupportedInterfaceOrientations_iPhone = "UIInterfaceOrientationPortrait UIInterfaceOrientationLandscapeLeft UIInterfaceOrientationLandscapeRight";
				LD_RUNPATH_SEARCH_PATHS = (
					"$(inherited)",
					"@executable_path/Frameworks",
				);
				MARKETING_VERSION = 1.0;
				PRODUCT_BUNDLE_IDENTIFIER = com.nubrajarial.stitchtime;
				PRODUCT_NAME = "$(TARGET_NAME)";
				STRING_CATALOG_GENERATE_SYMBOLS = YES;
				SWIFT_APPROACHABLE_CONCURRENCY = YES;
				SWIFT_DEFAULT_ACTOR_ISOLATION = MainActor;
				SWIFT_EMIT_LOC_STRINGS = YES;
				SWIFT_UPCOMING_FEATURE_MEMBER_IMPORT_VISIBILITY = YES;
				SWIFT_VERSION = 5.0;
				TARGETED_DEVICE_FAMILY = "1,2";
			};
			name = Release;
		};
		BD00B5412E9D028E00A84E55 /* Debug */ = {
			isa = XCBuildConfiguration;
			buildSettings = {
				BUNDLE_LOADER = "$(TEST_HOST)";
				CODE_SIGN_STYLE = Automatic;
				CURRENT_PROJECT_VERSION = 1;
				DEVELOPMENT_TEAM = 36MNCNG7Q8;
				GENERATE_INFOPLIST_FILE = YES;
				IPHONEOS_DEPLOYMENT_TARGET = 26.0;
				MARKETING_VERSION = 1.0;
				PRODUCT_BUNDLE_IDENTIFIER = com.nubrajarial.stitchtimeTests;
				PRODUCT_NAME = "$(TARGET_NAME)";
				STRING_CATALOG_GENERATE_SYMBOLS = NO;
				SWIFT_APPROACHABLE_CONCURRENCY = YES;
				SWIFT_EMIT_LOC_STRINGS = NO;
				SWIFT_UPCOMING_FEATURE_MEMBER_IMPORT_VISIBILITY = YES;
				SWIFT_VERSION = 5.0;
				TARGETED_DEVICE_FAMILY = "1,2";
				TEST_HOST = "$(BUILT_PRODUCTS_DIR)/stitchtime.app/$(BUNDLE_EXECUTABLE_FOLDER_PATH)/stitchtime";
			};
			name = Debug;
		};
		BD00B5422E9D028E00A84E55 /* Release */ = {
			isa = XCBuildConfiguration;
			buildSettings = {
				BUNDLE_LOADER = "$(TEST_HOST)";
				CODE_SIGN_STYLE = Automatic;
				CURRENT_PROJECT_VERSION = 1;
				DEVELOPMENT_TEAM = 36MNCNG7Q8;
				GENERATE_INFOPLIST_FILE = YES;
				IPHONEOS_DEPLOYMENT_TARGET = 26.0;
				MARKETING_VERSION = 1.0;
				PRODUCT_BUNDLE_IDENTIFIER = com.nubrajarial.stitchtimeTests;
				PRODUCT_NAME = "$(TARGET_NAME)";
				STRING_CATALOG_GENERATE_SYMBOLS = NO;
				SWIFT_APPROACHABLE_CONCURRENCY = YES;
				SWIFT_EMIT_LOC_STRINGS = NO;
				SWIFT_UPCOMING_FEATURE_MEMBER_IMPORT_VISIBILITY = YES;
				SWIFT_VERSION = 5.0;
				TARGETED_DEVICE_FAMILY = "1,2";
				TEST_HOST = "$(BUILT_PRODUCTS_DIR)/stitchtime.app/$(BUNDLE_EXECUTABLE_FOLDER_PATH)/stitchtime";
			};
			name = Release;
		};
		BD00B5442E9D028E00A84E55 /* Debug */ = {
			isa = XCBuildConfiguration;
			buildSettings = {
				CODE_SIGN_STYLE = Automatic;
				CURRENT_PROJECT_VERSION = 1;
				DEVELOPMENT_TEAM = 36MNCNG7Q8;
				GENERATE_INFOPLIST_FILE = YES;
				MARKETING_VERSION = 1.0;
				PRODUCT_BUNDLE_IDENTIFIER = com.nubrajarial.stitchtimeUITests;
				PRODUCT_NAME = "$(TARGET_NAME)";
				STRING_CATALOG_GENERATE_SYMBOLS = NO;
				SWIFT_APPROACHABLE_CONCURRENCY = YES;
				SWIFT_EMIT_LOC_STRINGS = NO;
				SWIFT_UPCOMING_FEATURE_MEMBER_IMPORT_VISIBILITY = YES;
				SWIFT_VERSION = 5.0;
				TARGETED_DEVICE_FAMILY = "1,2";
				TEST_TARGET_NAME = stitchtime;
			};
			name = Debug;
		};
		BD00B5452E9D028E00A84E55 /* Release */ = {
			isa = XCBuildConfiguration;
			buildSettings = {
				CODE_SIGN_STYLE = Automatic;
				CURRENT_PROJECT_VERSION = 1;
				DEVELOPMENT_TEAM = 36MNCNG7Q8;
				GENERATE_INFOPLIST_FILE = YES;
				MARKETING_VERSION = 1.0;
				PRODUCT_BUNDLE_IDENTIFIER = com.nubrajarial.stitchtimeUITests;
				PRODUCT_NAME = "$(TARGET_NAME)";
				STRING_CATALOG_GENERATE_SYMBOLS = NO;
				SWIFT_APPROACHABLE_CONCURRENCY = YES;
				SWIFT_EMIT_LOC_STRINGS = NO;
				SWIFT_UPCOMING_FEATURE_MEMBER_IMPORT_VISIBILITY = YES;
				SWIFT_VERSION = 5.0;
				TARGETED_DEVICE_FAMILY = "1,2";
				TEST_TARGET_NAME = stitchtime;
			};
			name = Release;
		};
		BD00B5702E9D194500A84E55 /* Debug */ = {
			isa = XCBuildConfiguration;
			buildSettings = {
				ASSETCATALOG_COMPILER_APPICON_NAME = AppIcon;
				ASSETCATALOG_COMPILER_GLOBAL_ACCENT_COLOR_NAME = AccentColor;
				CODE_SIGN_STYLE = Automatic;
				CURRENT_PROJECT_VERSION = 1;
				DEVELOPMENT_TEAM = 36MNCNG7Q8;
				ENABLE_PREVIEWS = YES;
				GENERATE_INFOPLIST_FILE = YES;
				INFOPLIST_KEY_CFBundleDisplayName = stittchtimewatchapp;
				INFOPLIST_KEY_UISupportedInterfaceOrientations = "UIInterfaceOrientationPortrait UIInterfaceOrientationPortraitUpsideDown";
				INFOPLIST_KEY_WKCompanionAppBundleIdentifier = com.nubrajarial.stitchtime;
				LD_RUNPATH_SEARCH_PATHS = (
					"$(inherited)",
					"@executable_path/Frameworks",
				);
				MARKETING_VERSION = 1.0;
				PRODUCT_BUNDLE_IDENTIFIER = com.nubrajarial.stitchtime.watchkitapp;
				PRODUCT_NAME = "$(TARGET_NAME)";
				SDKROOT = watchos;
				SKIP_INSTALL = YES;
				STRING_CATALOG_GENERATE_SYMBOLS = YES;
				SWIFT_APPROACHABLE_CONCURRENCY = YES;
				SWIFT_DEFAULT_ACTOR_ISOLATION = MainActor;
				SWIFT_EMIT_LOC_STRINGS = YES;
				SWIFT_UPCOMING_FEATURE_MEMBER_IMPORT_VISIBILITY = YES;
				SWIFT_VERSION = 5.0;
				TARGETED_DEVICE_FAMILY = 4;
				WATCHOS_DEPLOYMENT_TARGET = 26.0;
			};
			name = Debug;
		};
		BD00B5712E9D194500A84E55 /* Release */ = {
			isa = XCBuildConfiguration;
			buildSettings = {
				ASSETCATALOG_COMPILER_APPICON_NAME = AppIcon;
				ASSETCATALOG_COMPILER_GLOBAL_ACCENT_COLOR_NAME = AccentColor;
				CODE_SIGN_STYLE = Automatic;
				CURRENT_PROJECT_VERSION = 1;
				DEVELOPMENT_TEAM = 36MNCNG7Q8;
				ENABLE_PREVIEWS = YES;
				GENERATE_INFOPLIST_FILE = YES;
				INFOPLIST_KEY_CFBundleDisplayName = stittchtimewatchapp;
				INFOPLIST_KEY_UISupportedInterfaceOrientations = "UIInterfaceOrientationPortrait UIInterfaceOrientationPortraitUpsideDown";
				INFOPLIST_KEY_WKCompanionAppBundleIdentifier = com.nubrajarial.stitchtime;
				LD_RUNPATH_SEARCH_PATHS = (
					"$(inherited)",
					"@executable_path/Frameworks",
				);
				MARKETING_VERSION = 1.0;
				PRODUCT_BUNDLE_IDENTIFIER = com.nubrajarial.stitchtime.watchkitapp;
				PRODUCT_NAME = "$(TARGET_NAME)";
				SDKROOT = watchos;
				SKIP_INSTALL = YES;
				STRING_CATALOG_GENERATE_SYMBOLS = YES;
				SWIFT_APPROACHABLE_CONCURRENCY = YES;
				SWIFT_DEFAULT_ACTOR_ISOLATION = MainActor;
				SWIFT_EMIT_LOC_STRINGS = YES;
				SWIFT_UPCOMING_FEATURE_MEMBER_IMPORT_VISIBILITY = YES;
				SWIFT_VERSION = 5.0;
				TARGETED_DEVICE_FAMILY = 4;
				WATCHOS_DEPLOYMENT_TARGET = 26.0;
			};
			name = Release;
		};
		BD00B5742E9D194500A84E55 /* Debug */ = {
			isa = XCBuildConfiguration;
			buildSettings = {
				BUNDLE_LOADER = "$(TEST_HOST)";
				CODE_SIGN_STYLE = Automatic;
				CURRENT_PROJECT_VERSION = 1;
				DEVELOPMENT_TEAM = 36MNCNG7Q8;
				GENERATE_INFOPLIST_FILE = YES;
				MARKETING_VERSION = 1.0;
				PRODUCT_BUNDLE_IDENTIFIER = "com.nubrajarial.stittchtimewatchapp-Watch-AppTests";
				PRODUCT_NAME = "$(TARGET_NAME)";
				SDKROOT = watchos;
				STRING_CATALOG_GENERATE_SYMBOLS = NO;
				SWIFT_APPROACHABLE_CONCURRENCY = YES;
				SWIFT_EMIT_LOC_STRINGS = NO;
				SWIFT_UPCOMING_FEATURE_MEMBER_IMPORT_VISIBILITY = YES;
				SWIFT_VERSION = 5.0;
				TARGETED_DEVICE_FAMILY = 4;
				TEST_HOST = "$(BUILT_PRODUCTS_DIR)/stittchtimewatchapp Watch App.app/$(BUNDLE_EXECUTABLE_FOLDER_PATH)/stittchtimewatchapp Watch App";
				WATCHOS_DEPLOYMENT_TARGET = 26.0;
			};
			name = Debug;
		};
		BD00B5752E9D194500A84E55 /* Release */ = {
			isa = XCBuildConfiguration;
			buildSettings = {
				BUNDLE_LOADER = "$(TEST_HOST)";
				CODE_SIGN_STYLE = Automatic;
				CURRENT_PROJECT_VERSION = 1;
				DEVELOPMENT_TEAM = 36MNCNG7Q8;
				GENERATE_INFOPLIST_FILE = YES;
				MARKETING_VERSION = 1.0;
				PRODUCT_BUNDLE_IDENTIFIER = "com.nubrajarial.stittchtimewatchapp-Watch-AppTests";
				PRODUCT_NAME = "$(TARGET_NAME)";
				SDKROOT = watchos;
				STRING_CATALOG_GENERATE_SYMBOLS = NO;
				SWIFT_APPROACHABLE_CONCURRENCY = YES;
				SWIFT_EMIT_LOC_STRINGS = NO;
				SWIFT_UPCOMING_FEATURE_MEMBER_IMPORT_VISIBILITY = YES;
				SWIFT_VERSION = 5.0;
				TARGETED_DEVICE_FAMILY = 4;
				TEST_HOST = "$(BUILT_PRODUCTS_DIR)/stittchtimewatchapp Watch App.app/$(BUNDLE_EXECUTABLE_FOLDER_PATH)/stittchtimewatchapp Watch App";
				WATCHOS_DEPLOYMENT_TARGET = 26.0;
			};
			name = Release;
		};
		BD00B5772E9D194500A84E55 /* Debug */ = {
			isa = XCBuildConfiguration;
			buildSettings = {
				CODE_SIGN_STYLE = Automatic;
				CURRENT_PROJECT_VERSION = 1;
				DEVELOPMENT_TEAM = 36MNCNG7Q8;
				GENERATE_INFOPLIST_FILE = YES;
				MARKETING_VERSION = 1.0;
				PRODUCT_BUNDLE_IDENTIFIER = "com.nubrajarial.stittchtimewatchapp-Watch-AppUITests";
				PRODUCT_NAME = "$(TARGET_NAME)";
				SDKROOT = watchos;
				STRING_CATALOG_GENERATE_SYMBOLS = NO;
				SWIFT_APPROACHABLE_CONCURRENCY = YES;
				SWIFT_EMIT_LOC_STRINGS = NO;
				SWIFT_UPCOMING_FEATURE_MEMBER_IMPORT_VISIBILITY = YES;
				SWIFT_VERSION = 5.0;
				TARGETED_DEVICE_FAMILY = 4;
				TEST_TARGET_NAME = "stittchtimewatchapp Watch App";
				WATCHOS_DEPLOYMENT_TARGET = 26.0;
			};
			name = Debug;
		};
		BD00B5782E9D194500A84E55 /* Release */ = {
			isa = XCBuildConfiguration;
			buildSettings = {
				CODE_SIGN_STYLE = Automatic;
				CURRENT_PROJECT_VERSION = 1;
				DEVELOPMENT_TEAM = 36MNCNG7Q8;
				GENERATE_INFOPLIST_FILE = YES;
				MARKETING_VERSION = 1.0;
				PRODUCT_BUNDLE_IDENTIFIER = "com.nubrajarial.stittchtimewatchapp-Watch-AppUITests";
				PRODUCT_NAME = "$(TARGET_NAME)";
				SDKROOT = watchos;
				STRING_CATALOG_GENERATE_SYMBOLS = NO;
				SWIFT_APPROACHABLE_CONCURRENCY = YES;
				SWIFT_EMIT_LOC_STRINGS = NO;
				SWIFT_UPCOMING_FEATURE_MEMBER_IMPORT_VISIBILITY = YES;
				SWIFT_VERSION = 5.0;
				TARGETED_DEVICE_FAMILY = 4;
				TEST_TARGET_NAME = "stittchtimewatchapp Watch App";
				WATCHOS_DEPLOYMENT_TARGET = 26.0;
			};
			name = Release;
		};
		BD7571322EA2666A00366681 /* Debug */ = {
			isa = XCBuildConfiguration;
			buildSettings = {
				ASSETCATALOG_COMPILER_APPICON_NAME = AppIcon;
				ASSETCATALOG_COMPILER_GLOBAL_ACCENT_COLOR_NAME = AccentColor;
				CODE_SIGN_STYLE = Automatic;
				CURRENT_PROJECT_VERSION = 1;
				DEVELOPMENT_TEAM = 36MNCNG7Q8;
				ENABLE_PREVIEWS = YES;
				GENERATE_INFOPLIST_FILE = YES;
				INFOPLIST_KEY_CFBundleDisplayName = onetwostitch;
				INFOPLIST_KEY_UISupportedInterfaceOrientations = "UIInterfaceOrientationPortrait UIInterfaceOrientationPortraitUpsideDown";
				INFOPLIST_KEY_WKCompanionAppBundleIdentifier = com.nubrajarial.stitchtime;
				LD_RUNPATH_SEARCH_PATHS = (
					"$(inherited)",
					"@executable_path/Frameworks",
				);
				MARKETING_VERSION = 1.0;
				PRODUCT_BUNDLE_IDENTIFIER = com.nubrajarial.stitchtime.watchkitapp;
				PRODUCT_NAME = "$(TARGET_NAME)";
				SDKROOT = watchos;
				SKIP_INSTALL = YES;
				STRING_CATALOG_GENERATE_SYMBOLS = YES;
				SWIFT_APPROACHABLE_CONCURRENCY = YES;
				SWIFT_DEFAULT_ACTOR_ISOLATION = MainActor;
				SWIFT_EMIT_LOC_STRINGS = YES;
				SWIFT_UPCOMING_FEATURE_MEMBER_IMPORT_VISIBILITY = YES;
				SWIFT_VERSION = 5.0;
				TARGETED_DEVICE_FAMILY = 4;
				WATCHOS_DEPLOYMENT_TARGET = 26.0;
			};
			name = Debug;
		};
		BD7571332EA2666A00366681 /* Release */ = {
			isa = XCBuildConfiguration;
			buildSettings = {
				ASSETCATALOG_COMPILER_APPICON_NAME = AppIcon;
				ASSETCATALOG_COMPILER_GLOBAL_ACCENT_COLOR_NAME = AccentColor;
				CODE_SIGN_STYLE = Automatic;
				CURRENT_PROJECT_VERSION = 1;
				DEVELOPMENT_TEAM = 36MNCNG7Q8;
				ENABLE_PREVIEWS = YES;
				GENERATE_INFOPLIST_FILE = YES;
				INFOPLIST_KEY_CFBundleDisplayName = onetwostitch;
				INFOPLIST_KEY_UISupportedInterfaceOrientations = "UIInterfaceOrientationPortrait UIInterfaceOrientationPortraitUpsideDown";
				INFOPLIST_KEY_WKCompanionAppBundleIdentifier = com.nubrajarial.stitchtime;
				LD_RUNPATH_SEARCH_PATHS = (
					"$(inherited)",
					"@executable_path/Frameworks",
				);
				MARKETING_VERSION = 1.0;
				PRODUCT_BUNDLE_IDENTIFIER = com.nubrajarial.stitchtime.watchkitapp;
				PRODUCT_NAME = "$(TARGET_NAME)";
				SDKROOT = watchos;
				SKIP_INSTALL = YES;
				STRING_CATALOG_GENERATE_SYMBOLS = YES;
				SWIFT_APPROACHABLE_CONCURRENCY = YES;
				SWIFT_DEFAULT_ACTOR_ISOLATION = MainActor;
				SWIFT_EMIT_LOC_STRINGS = YES;
				SWIFT_UPCOMING_FEATURE_MEMBER_IMPORT_VISIBILITY = YES;
				SWIFT_VERSION = 5.0;
				TARGETED_DEVICE_FAMILY = 4;
				WATCHOS_DEPLOYMENT_TARGET = 26.0;
			};
			name = Release;
		};
		BD7571352EA2666A00366681 /* Debug */ = {
			isa = XCBuildConfiguration;
			buildSettings = {
				BUNDLE_LOADER = "$(TEST_HOST)";
				CODE_SIGN_STYLE = Automatic;
				CURRENT_PROJECT_VERSION = 1;
				DEVELOPMENT_TEAM = 36MNCNG7Q8;
				GENERATE_INFOPLIST_FILE = YES;
				MARKETING_VERSION = 1.0;
				PRODUCT_BUNDLE_IDENTIFIER = "com.nubrajarial.onetwostitch-Watch-AppTests";
				PRODUCT_NAME = "$(TARGET_NAME)";
				SDKROOT = watchos;
				STRING_CATALOG_GENERATE_SYMBOLS = NO;
				SWIFT_APPROACHABLE_CONCURRENCY = YES;
				SWIFT_EMIT_LOC_STRINGS = NO;
				SWIFT_UPCOMING_FEATURE_MEMBER_IMPORT_VISIBILITY = YES;
				SWIFT_VERSION = 5.0;
				TARGETED_DEVICE_FAMILY = 4;
				TEST_HOST = "$(BUILT_PRODUCTS_DIR)/onetwostitch Watch App.app/$(BUNDLE_EXECUTABLE_FOLDER_PATH)/onetwostitch Watch App";
				WATCHOS_DEPLOYMENT_TARGET = 26.0;
			};
			name = Debug;
		};
		BD7571362EA2666A00366681 /* Release */ = {
			isa = XCBuildConfiguration;
			buildSettings = {
				BUNDLE_LOADER = "$(TEST_HOST)";
				CODE_SIGN_STYLE = Automatic;
				CURRENT_PROJECT_VERSION = 1;
				DEVELOPMENT_TEAM = 36MNCNG7Q8;
				GENERATE_INFOPLIST_FILE = YES;
				MARKETING_VERSION = 1.0;
				PRODUCT_BUNDLE_IDENTIFIER = "com.nubrajarial.onetwostitch-Watch-AppTests";
				PRODUCT_NAME = "$(TARGET_NAME)";
				SDKROOT = watchos;
				STRING_CATALOG_GENERATE_SYMBOLS = NO;
				SWIFT_APPROACHABLE_CONCURRENCY = YES;
				SWIFT_EMIT_LOC_STRINGS = NO;
				SWIFT_UPCOMING_FEATURE_MEMBER_IMPORT_VISIBILITY = YES;
				SWIFT_VERSION = 5.0;
				TARGETED_DEVICE_FAMILY = 4;
				TEST_HOST = "$(BUILT_PRODUCTS_DIR)/onetwostitch Watch App.app/$(BUNDLE_EXECUTABLE_FOLDER_PATH)/onetwostitch Watch App";
				WATCHOS_DEPLOYMENT_TARGET = 26.0;
			};
			name = Release;
		};
		BD7571382EA2666A00366681 /* Debug */ = {
			isa = XCBuildConfiguration;
			buildSettings = {
				CODE_SIGN_STYLE = Automatic;
				CURRENT_PROJECT_VERSION = 1;
				DEVELOPMENT_TEAM = 36MNCNG7Q8;
				GENERATE_INFOPLIST_FILE = YES;
				MARKETING_VERSION = 1.0;
				PRODUCT_BUNDLE_IDENTIFIER = "com.nubrajarial.onetwostitch-Watch-AppUITests";
				PRODUCT_NAME = "$(TARGET_NAME)";
				SDKROOT = watchos;
				STRING_CATALOG_GENERATE_SYMBOLS = NO;
				SWIFT_APPROACHABLE_CONCURRENCY = YES;
				SWIFT_EMIT_LOC_STRINGS = NO;
				SWIFT_UPCOMING_FEATURE_MEMBER_IMPORT_VISIBILITY = YES;
				SWIFT_VERSION = 5.0;
				TARGETED_DEVICE_FAMILY = 4;
				TEST_TARGET_NAME = "onetwostitch Watch App";
				WATCHOS_DEPLOYMENT_TARGET = 26.0;
			};
			name = Debug;
		};
		BD7571392EA2666A00366681 /* Release */ = {
			isa = XCBuildConfiguration;
			buildSettings = {
				CODE_SIGN_STYLE = Automatic;
				CURRENT_PROJECT_VERSION = 1;
				DEVELOPMENT_TEAM = 36MNCNG7Q8;
				GENERATE_INFOPLIST_FILE = YES;
				MARKETING_VERSION = 1.0;
				PRODUCT_BUNDLE_IDENTIFIER = "com.nubrajarial.onetwostitch-Watch-AppUITests";
				PRODUCT_NAME = "$(TARGET_NAME)";
				SDKROOT = watchos;
				STRING_CATALOG_GENERATE_SYMBOLS = NO;
				SWIFT_APPROACHABLE_CONCURRENCY = YES;
				SWIFT_EMIT_LOC_STRINGS = NO;
				SWIFT_UPCOMING_FEATURE_MEMBER_IMPORT_VISIBILITY = YES;
				SWIFT_VERSION = 5.0;
				TARGETED_DEVICE_FAMILY = 4;
				TEST_TARGET_NAME = "onetwostitch Watch App";
				WATCHOS_DEPLOYMENT_TARGET = 26.0;
			};
			name = Release;
		};
		BD75715D2EA2670600366681 /* Debug */ = {
			isa = XCBuildConfiguration;
			buildSettings = {
				ASSETCATALOG_COMPILER_APPICON_NAME = AppIcon;
				ASSETCATALOG_COMPILER_GLOBAL_ACCENT_COLOR_NAME = AccentColor;
				CODE_SIGN_STYLE = Automatic;
				CURRENT_PROJECT_VERSION = 1;
				DEVELOPMENT_TEAM = 36MNCNG7Q8;
				ENABLE_PREVIEWS = YES;
				GENERATE_INFOPLIST_FILE = YES;
				INFOPLIST_KEY_CFBundleDisplayName = stitchtimewatchapp;
				INFOPLIST_KEY_UISupportedInterfaceOrientations = "UIInterfaceOrientationPortrait UIInterfaceOrientationPortraitUpsideDown";
				INFOPLIST_KEY_WKCompanionAppBundleIdentifier = "";
				LD_RUNPATH_SEARCH_PATHS = (
					"$(inherited)",
					"@executable_path/Frameworks",
				);
				MARKETING_VERSION = 1.0;
				PRODUCT_BUNDLE_IDENTIFIER = .watchkitapp;
				PRODUCT_NAME = "$(TARGET_NAME)";
				SDKROOT = watchos;
				SKIP_INSTALL = YES;
				STRING_CATALOG_GENERATE_SYMBOLS = YES;
				SWIFT_APPROACHABLE_CONCURRENCY = YES;
				SWIFT_DEFAULT_ACTOR_ISOLATION = MainActor;
				SWIFT_EMIT_LOC_STRINGS = YES;
				SWIFT_UPCOMING_FEATURE_MEMBER_IMPORT_VISIBILITY = YES;
				SWIFT_VERSION = 5.0;
				TARGETED_DEVICE_FAMILY = 4;
				WATCHOS_DEPLOYMENT_TARGET = 26.0;
			};
			name = Debug;
		};
		BD75715E2EA2670600366681 /* Release */ = {
			isa = XCBuildConfiguration;
			buildSettings = {
				ASSETCATALOG_COMPILER_APPICON_NAME = AppIcon;
				ASSETCATALOG_COMPILER_GLOBAL_ACCENT_COLOR_NAME = AccentColor;
				CODE_SIGN_STYLE = Automatic;
				CURRENT_PROJECT_VERSION = 1;
				DEVELOPMENT_TEAM = 36MNCNG7Q8;
				ENABLE_PREVIEWS = YES;
				GENERATE_INFOPLIST_FILE = YES;
				INFOPLIST_KEY_CFBundleDisplayName = stitchtimewatchapp;
				INFOPLIST_KEY_UISupportedInterfaceOrientations = "UIInterfaceOrientationPortrait UIInterfaceOrientationPortraitUpsideDown";
				INFOPLIST_KEY_WKCompanionAppBundleIdentifier = "";
				LD_RUNPATH_SEARCH_PATHS = (
					"$(inherited)",
					"@executable_path/Frameworks",
				);
				MARKETING_VERSION = 1.0;
				PRODUCT_BUNDLE_IDENTIFIER = .watchkitapp;
				PRODUCT_NAME = "$(TARGET_NAME)";
				SDKROOT = watchos;
				SKIP_INSTALL = YES;
				STRING_CATALOG_GENERATE_SYMBOLS = YES;
				SWIFT_APPROACHABLE_CONCURRENCY = YES;
				SWIFT_DEFAULT_ACTOR_ISOLATION = MainActor;
				SWIFT_EMIT_LOC_STRINGS = YES;
				SWIFT_UPCOMING_FEATURE_MEMBER_IMPORT_VISIBILITY = YES;
				SWIFT_VERSION = 5.0;
				TARGETED_DEVICE_FAMILY = 4;
				WATCHOS_DEPLOYMENT_TARGET = 26.0;
			};
			name = Release;
		};
		BD7571602EA2670600366681 /* Debug */ = {
			isa = XCBuildConfiguration;
			buildSettings = {
				BUNDLE_LOADER = "$(TEST_HOST)";
				CODE_SIGN_STYLE = Automatic;
				CURRENT_PROJECT_VERSION = 1;
				DEVELOPMENT_TEAM = 36MNCNG7Q8;
				GENERATE_INFOPLIST_FILE = YES;
				MARKETING_VERSION = 1.0;
				PRODUCT_BUNDLE_IDENTIFIER = "com.nubrajarial.stitchtimewatchapp-Watch-AppTests";
				PRODUCT_NAME = "$(TARGET_NAME)";
				SDKROOT = watchos;
				STRING_CATALOG_GENERATE_SYMBOLS = NO;
				SWIFT_APPROACHABLE_CONCURRENCY = YES;
				SWIFT_EMIT_LOC_STRINGS = NO;
				SWIFT_UPCOMING_FEATURE_MEMBER_IMPORT_VISIBILITY = YES;
				SWIFT_VERSION = 5.0;
				TARGETED_DEVICE_FAMILY = 4;
				TEST_HOST = "$(BUILT_PRODUCTS_DIR)/stitchtimewatchapp Watch App.app/$(BUNDLE_EXECUTABLE_FOLDER_PATH)/stitchtimewatchapp Watch App";
				WATCHOS_DEPLOYMENT_TARGET = 26.0;
			};
			name = Debug;
		};
		BD7571612EA2670600366681 /* Release */ = {
			isa = XCBuildConfiguration;
			buildSettings = {
				BUNDLE_LOADER = "$(TEST_HOST)";
				CODE_SIGN_STYLE = Automatic;
				CURRENT_PROJECT_VERSION = 1;
				DEVELOPMENT_TEAM = 36MNCNG7Q8;
				GENERATE_INFOPLIST_FILE = YES;
				MARKETING_VERSION = 1.0;
				PRODUCT_BUNDLE_IDENTIFIER = "com.nubrajarial.stitchtimewatchapp-Watch-AppTests";
				PRODUCT_NAME = "$(TARGET_NAME)";
				SDKROOT = watchos;
				STRING_CATALOG_GENERATE_SYMBOLS = NO;
				SWIFT_APPROACHABLE_CONCURRENCY = YES;
				SWIFT_EMIT_LOC_STRINGS = NO;
				SWIFT_UPCOMING_FEATURE_MEMBER_IMPORT_VISIBILITY = YES;
				SWIFT_VERSION = 5.0;
				TARGETED_DEVICE_FAMILY = 4;
				TEST_HOST = "$(BUILT_PRODUCTS_DIR)/stitchtimewatchapp Watch App.app/$(BUNDLE_EXECUTABLE_FOLDER_PATH)/stitchtimewatchapp Watch App";
				WATCHOS_DEPLOYMENT_TARGET = 26.0;
			};
			name = Release;
		};
		BD7571632EA2670600366681 /* Debug */ = {
			isa = XCBuildConfiguration;
			buildSettings = {
				CODE_SIGN_STYLE = Automatic;
				CURRENT_PROJECT_VERSION = 1;
				DEVELOPMENT_TEAM = 36MNCNG7Q8;
				GENERATE_INFOPLIST_FILE = YES;
				MARKETING_VERSION = 1.0;
				PRODUCT_BUNDLE_IDENTIFIER = "com.nubrajarial.stitchtimewatchapp-Watch-AppUITests";
				PRODUCT_NAME = "$(TARGET_NAME)";
				SDKROOT = watchos;
				STRING_CATALOG_GENERATE_SYMBOLS = NO;
				SWIFT_APPROACHABLE_CONCURRENCY = YES;
				SWIFT_EMIT_LOC_STRINGS = NO;
				SWIFT_UPCOMING_FEATURE_MEMBER_IMPORT_VISIBILITY = YES;
				SWIFT_VERSION = 5.0;
				TARGETED_DEVICE_FAMILY = 4;
				TEST_TARGET_NAME = "stitchtimewatchapp Watch App";
				WATCHOS_DEPLOYMENT_TARGET = 26.0;
			};
			name = Debug;
		};
		BD7571642EA2670600366681 /* Release */ = {
			isa = XCBuildConfiguration;
			buildSettings = {
				CODE_SIGN_STYLE = Automatic;
				CURRENT_PROJECT_VERSION = 1;
				DEVELOPMENT_TEAM = 36MNCNG7Q8;
				GENERATE_INFOPLIST_FILE = YES;
				MARKETING_VERSION = 1.0;
				PRODUCT_BUNDLE_IDENTIFIER = "com.nubrajarial.stitchtimewatchapp-Watch-AppUITests";
				PRODUCT_NAME = "$(TARGET_NAME)";
				SDKROOT = watchos;
				STRING_CATALOG_GENERATE_SYMBOLS = NO;
				SWIFT_APPROACHABLE_CONCURRENCY = YES;
				SWIFT_EMIT_LOC_STRINGS = NO;
				SWIFT_UPCOMING_FEATURE_MEMBER_IMPORT_VISIBILITY = YES;
				SWIFT_VERSION = 5.0;
				TARGETED_DEVICE_FAMILY = 4;
				TEST_TARGET_NAME = "stitchtimewatchapp Watch App";
				WATCHOS_DEPLOYMENT_TARGET = 26.0;
			};
			name = Release;
		};
/* End XCBuildConfiguration section */

/* Begin XCConfigurationList section */
		BD00B5152E9D028C00A84E55 /* Build configuration list for PBXProject "stitchtime" */ = {
			isa = XCConfigurationList;
			buildConfigurations = (
				BD00B53B2E9D028E00A84E55 /* Debug */,
				BD00B53C2E9D028E00A84E55 /* Release */,
			);
			defaultConfigurationIsVisible = 0;
			defaultConfigurationName = Release;
		};
		BD00B53D2E9D028E00A84E55 /* Build configuration list for PBXNativeTarget "stitchtime" */ = {
			isa = XCConfigurationList;
			buildConfigurations = (
				BD00B53E2E9D028E00A84E55 /* Debug */,
				BD00B53F2E9D028E00A84E55 /* Release */,
			);
			defaultConfigurationIsVisible = 0;
			defaultConfigurationName = Release;
		};
		BD00B5402E9D028E00A84E55 /* Build configuration list for PBXNativeTarget "stitchtimeTests" */ = {
			isa = XCConfigurationList;
			buildConfigurations = (
				BD00B5412E9D028E00A84E55 /* Debug */,
				BD00B5422E9D028E00A84E55 /* Release */,
			);
			defaultConfigurationIsVisible = 0;
			defaultConfigurationName = Release;
		};
		BD00B5432E9D028E00A84E55 /* Build configuration list for PBXNativeTarget "stitchtimeUITests" */ = {
			isa = XCConfigurationList;
			buildConfigurations = (
				BD00B5442E9D028E00A84E55 /* Debug */,
				BD00B5452E9D028E00A84E55 /* Release */,
			);
			defaultConfigurationIsVisible = 0;
			defaultConfigurationName = Release;
		};
		BD00B56F2E9D194500A84E55 /* Build configuration list for PBXNativeTarget "stittchtimewatchapp Watch App" */ = {
			isa = XCConfigurationList;
			buildConfigurations = (
				BD00B5702E9D194500A84E55 /* Debug */,
				BD00B5712E9D194500A84E55 /* Release */,
			);
			defaultConfigurationIsVisible = 0;
			defaultConfigurationName = Release;
		};
		BD00B5732E9D194500A84E55 /* Build configuration list for PBXNativeTarget "stittchtimewatchapp Watch AppTests" */ = {
			isa = XCConfigurationList;
			buildConfigurations = (
				BD00B5742E9D194500A84E55 /* Debug */,
				BD00B5752E9D194500A84E55 /* Release */,
			);
			defaultConfigurationIsVisible = 0;
			defaultConfigurationName = Release;
		};
		BD00B5762E9D194500A84E55 /* Build configuration list for PBXNativeTarget "stittchtimewatchapp Watch AppUITests" */ = {
			isa = XCConfigurationList;
			buildConfigurations = (
				BD00B5772E9D194500A84E55 /* Debug */,
				BD00B5782E9D194500A84E55 /* Release */,
			);
			defaultConfigurationIsVisible = 0;
			defaultConfigurationName = Release;
		};
		BD7571312EA2666A00366681 /* Build configuration list for PBXNativeTarget "onetwostitch Watch App" */ = {
			isa = XCConfigurationList;
			buildConfigurations = (
				BD7571322EA2666A00366681 /* Debug */,
				BD7571332EA2666A00366681 /* Release */,
			);
			defaultConfigurationIsVisible = 0;
			defaultConfigurationName = Release;
		};
		BD7571342EA2666A00366681 /* Build configuration list for PBXNativeTarget "onetwostitch Watch AppTests" */ = {
			isa = XCConfigurationList;
			buildConfigurations = (
				BD7571352EA2666A00366681 /* Debug */,
				BD7571362EA2666A00366681 /* Release */,
			);
			defaultConfigurationIsVisible = 0;
			defaultConfigurationName = Release;
		};
		BD7571372EA2666A00366681 /* Build configuration list for PBXNativeTarget "onetwostitch Watch AppUITests" */ = {
			isa = XCConfigurationList;
			buildConfigurations = (
				BD7571382EA2666A00366681 /* Debug */,
				BD7571392EA2666A00366681 /* Release */,
			);
			defaultConfigurationIsVisible = 0;
			defaultConfigurationName = Release;
		};
		BD75715C2EA2670600366681 /* Build configuration list for PBXNativeTarget "stitchtimewatchapp Watch App" */ = {
			isa = XCConfigurationList;
			buildConfigurations = (
				BD75715D2EA2670600366681 /* Debug */,
				BD75715E2EA2670600366681 /* Release */,
			);
			defaultConfigurationIsVisible = 0;
			defaultConfigurationName = Release;
		};
		BD75715F2EA2670600366681 /* Build configuration list for PBXNativeTarget "stitchtimewatchapp Watch AppTests" */ = {
			isa = XCConfigurationList;
			buildConfigurations = (
				BD7571602EA2670600366681 /* Debug */,
				BD7571612EA2670600366681 /* Release */,
			);
			defaultConfigurationIsVisible = 0;
			defaultConfigurationName = Release;
		};
		BD7571622EA2670600366681 /* Build configuration list for PBXNativeTarget "stitchtimewatchapp Watch AppUITests" */ = {
			isa = XCConfigurationList;
			buildConfigurations = (
				BD7571632EA2670600366681 /* Debug */,
				BD7571642EA2670600366681 /* Release */,
			);
			defaultConfigurationIsVisible = 0;
			defaultConfigurationName = Release;
		};
/* End XCConfigurationList section */
	};
	rootObject = BD00B5122E9D028C00A84E55 /* Project object */;
}
